<?xml version="1.0" encoding="UTF-8" standalone="yes" ?>
<CodeBlocks_project_file>
	<FileVersion major="1" minor="6" />
	<Project>
		<Option title="CLI_WithoutLib" />
		<Option pch_mode="0" />
		<Option compiler="gcc" />
		<Build>
			<Target title="default">
				<Option output="..\..\..\Release\GCC_MinGW32\CLI\MediaInfo_WithoutLib.exe" prefix_auto="0" extension_auto="0" />
				<Option type="1" />
				<Option compiler="gcc" />
				<Option projectResourceIncludeDirsRelation="1" />
				<Compiler>
					<Add option="-march=i586" />
					<Add option="-O3" />
					<Add option="-Wall" />
					<Add directory="..\..\..\..\MediaInfoLib\Source" />
					<Add directory="..\..\..\..\Shared\Include" />
				</Compiler>
			</Target>
		</Build>
		<VirtualTargets>
			<Add alias="All" targets="default;" />
		</VirtualTargets>
		<Compiler>
			<Add option="-DWIN32" />
			<Add option="-D_WIN32" />
			<Add option="-DUNICODE" />
			<Add option="-D_UNICODE" />
			<Add option="-DMEDIAINFO_APE_NO" />
			<Add option="-DMEDIAINFO_FLAC_NO" />
			<Add option="-DMEDIAINFO_ID3_NO" />
			<Add option="-DMEDIAINFO_MK_NO" />
			<Add option="-DMEDIAINFO_MPC_NO" />
			<Add option="-DMEDIAINFO_SNDFILE_NO" />
		</Compiler>
		<Linker>
			<Add library="ZenLib" />
			<Add library="WxWidgets" />
			<Add library="ZLib" />
			<Add library="wsock32" />
			<Add library="ctl3d32" />
			<Add library="advapi32" />
			<Add library="comctl32" />
			<Add library="comdlg32" />
			<Add library="kernel32" />
			<Add library="gdi32" />
			<Add library="odbc32" />
			<Add library="ole32" />
			<Add library="oleaut32" />
			<Add library="rpcrt4" />
			<Add library="shell32" />
			<Add library="user32" />
			<Add library="uuid" />
			<Add library="winmm" />
			<Add library="winspool" />
			<Add directory="..\..\..\..\MediaInfoLib\Release\GCC_MinGW32\Library" />
			<Add directory="..\..\..\..\Shared\Library\GCC_MinGW32" />
		</Linker>
		<Unit filename="..\..\..\..\MediaInfoLib\Source\MediaInfo\Archive\File_7z.cpp" />
		<Unit filename="..\..\..\..\MediaInfoLib\Source\MediaInfo\Archive\File_7z.h" />
		<Unit filename="..\..\..\..\MediaInfoLib\Source\MediaInfo\Archive\File_Ace.cpp" />
		<Unit filename="..\..\..\..\MediaInfoLib\Source\MediaInfo\Archive\File_Ace.h" />
		<Unit filename="..\..\..\..\MediaInfoLib\Source\MediaInfo\Archive\File_Rar.cpp" />
		<Unit filename="..\..\..\..\MediaInfoLib\Source\MediaInfo\Archive\File_Rar.h" />
		<Unit filename="..\..\..\..\MediaInfoLib\Source\MediaInfo\Archive\File_Zip.cpp" />
		<Unit filename="..\..\..\..\MediaInfoLib\Source\MediaInfo\Archive\File_Zip.h" />
		<Unit filename="..\..\..\..\MediaInfoLib\Source\MediaInfo\Audio\File_Aac.cpp" />
		<Unit filename="..\..\..\..\MediaInfoLib\Source\MediaInfo\Audio\File_Aac.h" />
		<Unit filename="..\..\..\..\MediaInfoLib\Source\MediaInfo\Audio\File_Ac3.cpp" />
		<Unit filename="..\..\..\..\MediaInfoLib\Source\MediaInfo\Audio\File_Ac3.h" />
		<Unit filename="..\..\..\..\MediaInfoLib\Source\MediaInfo\Audio\File_Ape.cpp" />
		<Unit filename="..\..\..\..\MediaInfoLib\Source\MediaInfo\Audio\File_Ape.h" />
		<Unit filename="..\..\..\..\MediaInfoLib\Source\MediaInfo\Audio\File_Dts.cpp" />
		<Unit filename="..\..\..\..\MediaInfoLib\Source\MediaInfo\Audio\File_Dts.h" />
		<Unit filename="..\..\..\..\MediaInfoLib\Source\MediaInfo\Audio\File_Flac.cpp" />
		<Unit filename="..\..\..\..\MediaInfoLib\Source\MediaInfo\Audio\File_Flac.h" />
		<Unit filename="..\..\..\..\MediaInfoLib\Source\MediaInfo\Audio\File_Id3.cpp" />
		<Unit filename="..\..\..\..\MediaInfoLib\Source\MediaInfo\Audio\File_Id3.h" />
		<Unit filename="..\..\..\..\MediaInfoLib\Source\MediaInfo\Audio\File_Mpc.cpp" />
		<Unit filename="..\..\..\..\MediaInfoLib\Source\MediaInfo\Audio\File_Mpc.h" />
		<Unit filename="..\..\..\..\MediaInfoLib\Source\MediaInfo\Audio\File_Mpega.cpp" />
		<Unit filename="..\..\..\..\MediaInfoLib\Source\MediaInfo\Audio\File_Mpega.h" />
		<Unit filename="..\..\..\..\MediaInfoLib\Source\MediaInfo\Audio\File_SndFile.cpp" />
		<Unit filename="..\..\..\..\MediaInfoLib\Source\MediaInfo\Audio\File_SndFile.h" />
		<Unit filename="..\..\..\..\MediaInfoLib\Source\MediaInfo\File_Dummy.cpp" />
		<Unit filename="..\..\..\..\MediaInfoLib\Source\MediaInfo\File_Dummy.h" />
		<Unit filename="..\..\..\..\MediaInfoLib\Source\MediaInfo\File_Other.cpp" />
		<Unit filename="..\..\..\..\MediaInfoLib\Source\MediaInfo\File_Other.h" />
		<Unit filename="..\..\..\..\MediaInfoLib\Source\MediaInfo\File_Unknown.cpp" />
		<Unit filename="..\..\..\..\MediaInfoLib\Source\MediaInfo\File_Unknown.h" />
		<Unit filename="..\..\..\..\MediaInfoLib\Source\MediaInfo\File__Base.cpp" />
		<Unit filename="..\..\..\..\MediaInfoLib\Source\MediaInfo\File__Base.h" />
		<Unit filename="..\..\..\..\MediaInfoLib\Source\MediaInfo\File__Base_Automatic.cpp" />
		<Unit filename="..\..\..\..\MediaInfoLib\Source\MediaInfo\File__Base_Finalize.cpp" />
		<Unit filename="..\..\..\..\MediaInfoLib\Source\MediaInfo\File__Base_Inform.cpp" />
		<Unit filename="..\..\..\..\MediaInfoLib\Source\MediaInfo\File__Template.cpp" />
		<Unit filename="..\..\..\..\MediaInfoLib\Source\MediaInfo\File__Template.h" />
		<Unit filename="..\..\..\..\MediaInfoLib\Source\MediaInfo\Image\File_Bmp.cpp" />
		<Unit filename="..\..\..\..\MediaInfoLib\Source\MediaInfo\Image\File_Bmp.h" />
		<Unit filename="..\..\..\..\MediaInfoLib\Source\MediaInfo\Image\File_Gif.cpp" />
		<Unit filename="..\..\..\..\MediaInfoLib\Source\MediaInfo\Image\File_Gif.h" />
		<Unit filename="..\..\..\..\MediaInfoLib\Source\MediaInfo\Image\File_Ico.cpp" />
		<Unit filename="..\..\..\..\MediaInfoLib\Source\MediaInfo\Image\File_Ico.h" />
		<Unit filename="..\..\..\..\MediaInfoLib\Source\MediaInfo\Image\File_Jpeg.cpp" />
		<Unit filename="..\..\..\..\MediaInfoLib\Source\MediaInfo\Image\File_Jpeg.h" />
		<Unit filename="..\..\..\..\MediaInfoLib\Source\MediaInfo\Image\File_Png.cpp" />
		<Unit filename="..\..\..\..\MediaInfoLib\Source\MediaInfo\Image\File_Png.h" />
		<Unit filename="..\..\..\..\MediaInfoLib\Source\MediaInfo\Image\File_Tiff.cpp" />
		<Unit filename="..\..\..\..\MediaInfoLib\Source\MediaInfo\Image\File_Tiff.h" />
		<Unit filename="..\..\..\..\MediaInfoLib\Source\MediaInfo\MediaInfo.cpp" />
		<Unit filename="..\..\..\..\MediaInfoLib\Source\MediaInfo\MediaInfo.h" />
		<Unit filename="..\..\..\..\MediaInfoLib\Source\MediaInfo\MediaInfoList.cpp" />
		<Unit filename="..\..\..\..\MediaInfoLib\Source\MediaInfo\MediaInfoList.h" />
		<Unit filename="..\..\..\..\MediaInfoLib\Source\MediaInfo\MediaInfo_Config.cpp" />
		<Unit filename="..\..\..\..\MediaInfoLib\Source\MediaInfo\MediaInfo_Config.h" />
		<Unit filename="..\..\..\..\MediaInfoLib\Source\MediaInfo\MediaInfo_File.cpp" />
		<Unit filename="..\..\..\..\MediaInfoLib\Source\MediaInfo\Multiple\File_Cdxa.cpp" />
		<Unit filename="..\..\..\..\MediaInfoLib\Source\MediaInfo\Multiple\File_Cdxa.h" />
		<Unit filename="..\..\..\..\MediaInfoLib\Source\MediaInfo\Multiple\File_Dvdv.cpp" />
		<Unit filename="..\..\..\..\MediaInfoLib\Source\MediaInfo\Multiple\File_Dvdv.h" />
		<Unit filename="..\..\..\..\MediaInfoLib\Source\MediaInfo\Multiple\File_Flv.cpp" />
		<Unit filename="..\..\..\..\MediaInfoLib\Source\MediaInfo\Multiple\File_Flv.h" />
		<Unit filename="..\..\..\..\MediaInfoLib\Source\MediaInfo\Multiple\File_Mk.cpp" />
		<Unit filename="..\..\..\..\MediaInfoLib\Source\MediaInfo\Multiple\File_Mk.h" />
		<Unit filename="..\..\..\..\MediaInfoLib\Source\MediaInfo\Multiple\File_Mpeg4.cpp" />
		<Unit filename="..\..\..\..\MediaInfoLib\Source\MediaInfo\Multiple\File_Mpeg4.h" />
		<Unit filename="..\..\..\..\MediaInfoLib\Source\MediaInfo\Multiple\File_Mpeg4_Descriptors.cpp" />
		<Unit filename="..\..\..\..\MediaInfoLib\Source\MediaInfo\Multiple\File_Mpeg4_Elements.cpp" />
		<Unit filename="..\..\..\..\MediaInfoLib\Source\MediaInfo\Multiple\File_MpegPs.cpp" />
		<Unit filename="..\..\..\..\MediaInfoLib\Source\MediaInfo\Multiple\File_MpegPs.h" />
		<Unit filename="..\..\..\..\MediaInfoLib\Source\MediaInfo\Multiple\File_MpegTs.cpp" />
		<Unit filename="..\..\..\..\MediaInfoLib\Source\MediaInfo\Multiple\File_MpegTs.h" />
		<Unit filename="..\..\..\..\MediaInfoLib\Source\MediaInfo\Multiple\File_Mxf.cpp" />
		<Unit filename="..\..\..\..\MediaInfoLib\Source\MediaInfo\Multiple\File_Mxf.h" />
		<Unit filename="..\..\..\..\MediaInfoLib\Source\MediaInfo\Multiple\File_Ogg.cpp" />
		<Unit filename="..\..\..\..\MediaInfoLib\Source\MediaInfo\Multiple\File_Ogg.h" />
		<Unit filename="..\..\..\..\MediaInfoLib\Source\MediaInfo\Multiple\File_Riff.cpp" />
		<Unit filename="..\..\..\..\MediaInfoLib\Source\MediaInfo\Multiple\File_Riff.h" />
		<Unit filename="..\..\..\..\MediaInfoLib\Source\MediaInfo\Multiple\File_Rm.cpp" />
		<Unit filename="..\..\..\..\MediaInfoLib\Source\MediaInfo\Multiple\File_Rm.h" />
		<Unit filename="..\..\..\..\MediaInfoLib\Source\MediaInfo\Multiple\File_Skm.cpp" />
		<Unit filename="..\..\..\..\MediaInfoLib\Source\MediaInfo\Multiple\File_Skm.h" />
		<Unit filename="..\..\..\..\MediaInfoLib\Source\MediaInfo\Multiple\File_Swf.cpp" />
		<Unit filename="..\..\..\..\MediaInfoLib\Source\MediaInfo\Multiple\File_Swf.h" />
		<Unit filename="..\..\..\..\MediaInfoLib\Source\MediaInfo\Multiple\File_Wm.cpp" />
		<Unit filename="..\..\..\..\MediaInfoLib\Source\MediaInfo\Multiple\File_Wm.h" />
		<Unit filename="..\..\..\..\MediaInfoLib\Source\MediaInfo\PreComp.h" />
		<Unit filename="..\..\..\..\MediaInfoLib\Source\MediaInfo\Setup.h" />
		<Unit filename="..\..\..\..\MediaInfoLib\Source\MediaInfo\Text\File_OtherText.cpp" />
		<Unit filename="..\..\..\..\MediaInfoLib\Source\MediaInfo\Text\File_OtherText.h" />
		<Unit filename="..\..\..\..\MediaInfoLib\Source\MediaInfo\Video\File_Avc.cpp" />
		<Unit filename="..\..\..\..\MediaInfoLib\Source\MediaInfo\Video\File_Avc.h" />
		<Unit filename="..\..\..\..\MediaInfoLib\Source\MediaInfo\Video\File_Flic.cpp" />
		<Unit filename="..\..\..\..\MediaInfoLib\Source\MediaInfo\Video\File_Flic.h" />
		<Unit filename="..\..\..\..\MediaInfoLib\Source\MediaInfo\Video\File_Mpeg4v.cpp" />
		<Unit filename="..\..\..\..\MediaInfoLib\Source\MediaInfo\Video\File_Mpeg4v.h" />
		<Unit filename="..\..\..\..\MediaInfoLib\Source\MediaInfo\Video\File_Mpegv.cpp" />
		<Unit filename="..\..\..\..\MediaInfoLib\Source\MediaInfo\Video\File_Mpegv.h" />
		<Unit filename="..\..\..\Source\CLI\MediaInfo_CLI.cpp" />
		<Extensions>
			<code_completion />
		</Extensions>
	</Project>
</CodeBlocks_project_file>
