<?xml version="1.0" encoding="utf-8"?>
<Project ToolsVersion="4.0" xmlns="http://schemas.microsoft.com/developer/msbuild/2003">
  <ItemGroup>
    <Filter Include="Source Files">
      <UniqueIdentifier>{4FC737F1-C7A5-4376-A066-2A32D752A2FF}</UniqueIdentifier>
      <Extensions>cpp;c;cc;cxx;def;odl;idl;hpj;bat;asm;asmx</Extensions>
    </Filter>
    <Filter Include="Source Files\Common">
      <UniqueIdentifier>{95a709cb-143d-48e6-add5-ff6d9650a436}</UniqueIdentifier>
    </Filter>
    <Filter Include="Source Files\GUI">
      <UniqueIdentifier>{89f53104-3d0a-418f-a21a-85e77e0c20c2}</UniqueIdentifier>
    </Filter>
    <Filter Include="Source Files\GUI\Common">
      <UniqueIdentifier>{bab6a485-4e4f-45cb-af84-0e6952d2c940}</UniqueIdentifier>
    </Filter>
    <Filter Include="Source Files\GUI\WxWidgets">
      <UniqueIdentifier>{a1ce59eb-708e-4f6c-91b9-0769e8c37725}</UniqueIdentifier>
    </Filter>
    <Filter Include="Source Files\CLI">
      <UniqueIdentifier>{2b804264-c5f7-4ecd-88f6-a7473d588319}</UniqueIdentifier>
    </Filter>
    <Filter Include="Header Files">
      <UniqueIdentifier>{93995380-89BD-4b04-88EB-625FBE52EBFB}</UniqueIdentifier>
      <Extensions>h;hpp;hxx;hm;inl;inc;xsd</Extensions>
    </Filter>
    <Filter Include="Header Files\Common">
      <UniqueIdentifier>{8e164f3e-08ab-4a49-b420-78271d47c20b}</UniqueIdentifier>
    </Filter>
    <Filter Include="Header Files\GUI">
      <UniqueIdentifier>{62be7133-a8cf-48bf-b126-497ee8c8b2f3}</UniqueIdentifier>
    </Filter>
    <Filter Include="Header Files\GUI\Common">
      <UniqueIdentifier>{1b76a420-177c-42aa-b826-d9c1ca45ffe6}</UniqueIdentifier>
    </Filter>
    <Filter Include="Header Files\GUI\WxWidgets">
      <UniqueIdentifier>{db78ef05-ba14-4b1b-9b40-e4da691dc546}</UniqueIdentifier>
    </Filter>
    <Filter Include="Header Files\CLI">
      <UniqueIdentifier>{4d8d023e-4cd0-4880-a483-257b8ea93ef3}</UniqueIdentifier>
    </Filter>
    <Filter Include="Resource Files">
      <UniqueIdentifier>{67DA6AB6-F800-4c08-8B7A-83BB121AAD01}</UniqueIdentifier>
      <Extensions>rc;ico;cur;bmp;dlg;rc2;rct;bin;rgs;gif;jpg;jpeg;jpe;resx;tiff;tif;png;wav</Extensions>
    </Filter>
  </ItemGroup>
  <ItemGroup>
    <ClCompile Include="..\..\..\Source\Common\Core.cpp">
      <Filter>Source Files\Common</Filter>
    </ClCompile>
    <ClCompile Include="..\..\..\Source\GUI\Common\GUI_Main_Common_Core.cpp">
      <Filter>Source Files\GUI\Common</Filter>
    </ClCompile>
    <ClCompile Include="..\..\..\Source\GUI\Common\GUI_Main_Easy_Box_Core.cpp">
      <Filter>Source Files\GUI\Common</Filter>
    </ClCompile>
    <ClCompile Include="..\..\..\Source\GUI\Common\GUI_Main_Easy_Core.cpp">
      <Filter>Source Files\GUI\Common</Filter>
    </ClCompile>
    <ClCompile Include="..\..\..\Source\GUI\WxWidgets\App.cpp">
      <Filter>Source Files\GUI\WxWidgets</Filter>
    </ClCompile>
    <ClCompile Include="..\..\..\Source\GUI\WxWidgets\GUI_Main.cpp">
      <Filter>Source Files\GUI\WxWidgets</Filter>
    </ClCompile>
    <ClCompile Include="..\..\..\Source\GUI\WxWidgets\GUI_Main_Easy.cpp">
      <Filter>Source Files\GUI\WxWidgets</Filter>
    </ClCompile>
    <ClCompile Include="..\..\..\Source\GUI\WxWidgets\GUI_Main_Easy_Box.cpp">
      <Filter>Source Files\GUI\WxWidgets</Filter>
    </ClCompile>
    <ClCompile Include="..\..\..\Source\GUI\WxWidgets\GUI_Main_FileDrop.cpp">
      <Filter>Source Files\GUI\WxWidgets</Filter>
    </ClCompile>
    <ClCompile Include="..\..\..\Source\GUI\WxWidgets\GUI_Main_HTML.cpp">
      <Filter>Source Files\GUI\WxWidgets</Filter>
    </ClCompile>
    <ClCompile Include="..\..\..\Source\GUI\WxWidgets\GUI_Main_Menu.cpp">
      <Filter>Source Files\GUI\WxWidgets</Filter>
    </ClCompile>
    <ClCompile Include="..\..\..\Source\GUI\WxWidgets\GUI_Main_Sheet.cpp">
      <Filter>Source Files\GUI\WxWidgets</Filter>
    </ClCompile>
    <ClCompile Include="..\..\..\Source\GUI\WxWidgets\GUI_Main_Text.cpp">
      <Filter>Source Files\GUI\WxWidgets</Filter>
    </ClCompile>
    <ClCompile Include="..\..\..\Source\GUI\WxWidgets\GUI_Main_Tree.cpp">
      <Filter>Source Files\GUI\WxWidgets</Filter>
    </ClCompile>
    <ClCompile Include="..\..\..\Source\CLI\CommandLine_Parser.cpp">
      <Filter>Source Files\CLI</Filter>
    </ClCompile>
    <ClCompile Include="..\..\..\Source\CLI\Help.cpp">
      <Filter>Source Files\CLI</Filter>
    </ClCompile>
  </ItemGroup>
  <ItemGroup>
    <ClInclude Include="..\..\..\Source\Common\Core.h">
      <Filter>Header Files\Common</Filter>
    </ClInclude>
    <ClInclude Include="..\..\..\Source\GUI\Common\GUI_Main_Common_Core.h">
      <Filter>Header Files\GUI\Common</Filter>
    </ClInclude>
    <ClInclude Include="..\..\..\Source\GUI\Common\GUI_Main_Easy_Box_Core.h">
      <Filter>Header Files\GUI\Common</Filter>
    </ClInclude>
    <ClInclude Include="..\..\..\Source\GUI\Common\GUI_Main_Easy_Core.h">
      <Filter>Header Files\GUI\Common</Filter>
    </ClInclude>
    <ClInclude Include="..\..\..\Source\GUI\WxWidgets\App.h">
      <Filter>Header Files\GUI\WxWidgets</Filter>
    </ClInclude>
    <ClInclude Include="..\..\..\Source\GUI\WxWidgets\GUI_Main.h">
      <Filter>Header Files\GUI\WxWidgets</Filter>
    </ClInclude>
    <ClInclude Include="..\..\..\Source\GUI\WxWidgets\GUI_Main_Easy.h">
      <Filter>Header Files\GUI\WxWidgets</Filter>
    </ClInclude>
    <ClInclude Include="..\..\..\Source\GUI\WxWidgets\GUI_Main_Easy_Box.h">
      <Filter>Header Files\GUI\WxWidgets</Filter>
    </ClInclude>
    <ClInclude Include="..\..\..\Source\GUI\WxWidgets\GUI_Main_FileDrop.h">
      <Filter>Header Files\GUI\WxWidgets</Filter>
    </ClInclude>
    <ClInclude Include="..\..\..\Source\GUI\WxWidgets\GUI_Main_HTML.h">
      <Filter>Header Files\GUI\WxWidgets</Filter>
    </ClInclude>
    <ClInclude Include="..\..\..\Source\GUI\WxWidgets\GUI_Main_Sheet.h">
      <Filter>Header Files\GUI\WxWidgets</Filter>
    </ClInclude>
    <ClInclude Include="..\..\..\Source\GUI\WxWidgets\GUI_Main_Text.h">
      <Filter>Header Files\GUI\WxWidgets</Filter>
    </ClInclude>
    <ClInclude Include="..\..\..\Source\GUI\WxWidgets\GUI_Main_Tree.h">
      <Filter>Header Files\GUI\WxWidgets</Filter>
    </ClInclude>
    <ClInclude Include="..\..\..\Source\CLI\CommandLine_Parser.h">
      <Filter>Header Files\CLI</Filter>
    </ClInclude>
    <ClInclude Include="..\..\..\Source\CLI\Help.h">
      <Filter>Header Files\CLI</Filter>
    </ClInclude>
  </ItemGroup>
  <ItemGroup>
    <ResourceCompile Include="MediaInfo_GUI.rc">
      <Filter>Resource Files</Filter>
    </ResourceCompile>
  </ItemGroup>
</Project>