Microsoft Visual Studio Solution File, Format Version 12.00
# Visual Studio 2013
VisualStudioVersion = 12.0.31101.0
MinimumVisualStudioVersion = 10.0.40219.1
Project("{2150E333-8FDC-42A3-9474-1A3956D46DE8}") = "ThirdParty", "ThirdParty", "{70DAF034-E8BA-4636-A42C-CC581B3ECC94}"
EndProject
Project("{8BC9CEB8-8B4A-11D0-8D11-00A0C91BC942}") = "MediaInfo_CLI", "CLI\MediaInfo.vcxproj", "{8A1AE679-131A-493C-86CA-91179B0955A4}"
	ProjectSection(ProjectDependencies) = postProject
		{0DA1DA7D-F393-4E7C-A7CE-CB5C6A67BC94} = {0DA1DA7D-F393-4E7C-A7CE-CB5C6A67BC94}
		{BE6D3EF8-2F82-4F1E-956A-890C3614A2D5} = {BE6D3EF8-2F82-4F1E-956A-890C3614A2D5}
	EndProjectSection
EndProject
Project("{8BC9CEB8-8B4A-11D0-8D11-00A0C91BC942}") = "MediaInfo_GUI", "GUI\MediaInfo_GUI.vcxproj", "{512A686F-0CE4-49C9-B71B-BBBA99E14636}"
	ProjectSection(ProjectDependencies) = postProject
		{0DA1DA7D-F393-4E7C-A7CE-CB5C6A67BC94} = {0DA1DA7D-F393-4E7C-A7CE-CB5C6A67BC94}
		{BE6D3EF8-2F82-4F1E-956A-890C3614A2D5} = {BE6D3EF8-2F82-4F1E-956A-890C3614A2D5}
	EndProjectSection
EndProject
Project("{8BC9CEB8-8B4A-11D0-8D11-00A0C91BC942}") = "ZenLib", "..\..\..\ZenLib\Project\MSVC2013\Library\ZenLib.vcxproj", "{0DA1DA7D-F393-4E7C-A7CE-CB5C6A67BC94}"
EndProject
Project("{8BC9CEB8-8B4A-11D0-8D11-00A0C91BC942}") = "MediaInfoLib", "..\..\..\MediaInfoLib\Project\MSVC2013\Library\MediaInfoLib.vcxproj", "{20E0F8D6-213C-460B-B361-9C725CB375C7}"
	ProjectSection(ProjectDependencies) = postProject
		{0DA1DA7D-F393-4E7C-A7CE-CB5C6A67BC94} = {0DA1DA7D-F393-4E7C-A7CE-CB5C6A67BC94}
	EndProjectSection
EndProject
Project("{8BC9CEB8-8B4A-11D0-8D11-00A0C91BC942}") = "MediaInfoDll", "..\..\..\MediaInfoLib\Project\MSVC2013\Dll\MediaInfoDll.vcxproj", "{BE6D3EF8-2F82-4F1E-956A-890C3614A2D5}"
	ProjectSection(ProjectDependencies) = postProject
		{20E0F8D6-213C-460B-B361-9C725CB375C7} = {20E0F8D6-213C-460B-B361-9C725CB375C7}
	EndProjectSection
EndProject
Project("{8BC9CEB8-8B4A-11D0-8D11-00A0C91BC942}") = "zlibstat", "..\..\..\zlib\contrib\vstudio\vc12\zlibstat.vcxproj", "{745DEC58-EBB3-47A9-A9B8-4C6627C01BF8}"
EndProject
Project("{8BC9CEB8-8B4A-11D0-8D11-00A0C91BC942}") = "base", "..\..\..\wxWidgets\build\msw\wx_base.vcxproj", "{3FCC50C2-81E9-5DB2-B8D8-2129427568B1}"
EndProject
Project("{2150E333-8FDC-42A3-9474-1A3956D46DE8}") = "WxWidgets", "WxWidgets", "{04D93003-160A-4F76-9E90-B069C508F134}"
EndProject
Project("{8BC9CEB8-8B4A-11D0-8D11-00A0C91BC942}") = "core", "..\..\..\wxWidgets\build\msw\wx_core.vcxproj", "{6744DAD8-9C70-574A-BFF2-9F8DDDB24A75}"
EndProject
Project("{8BC9CEB8-8B4A-11D0-8D11-00A0C91BC942}") = "html", "..\..\..\wxWidgets\build\msw\wx_html.vcxproj", "{33CC42F9-7756-5587-863C-8D4461B7C5DD}"
EndProject
Project("{8BC9CEB8-8B4A-11D0-8D11-00A0C91BC942}") = "wxpng", "..\..\..\wxWidgets\build\msw\wx_wxpng.vcxproj", "{8ACC122A-CA6A-5AA6-9C97-9CDD2E533DB0}"
EndProject
Project("{2150E333-8FDC-42A3-9474-1A3956D46DE8}") = "MediaInfoLib", "MediaInfoLib", "{9E732559-27A9-4413-B849-E78EF98C00F1}"
EndProject
Global
	GlobalSection(SolutionConfigurationPlatforms) = preSolution
		Debug|ARM = Debug|ARM
		Debug|Win32 = Debug|Win32
		Debug|x64 = Debug|x64
		DebugA|ARM = DebugA|ARM
		DebugA|Win32 = DebugA|Win32
		DebugA|x64 = DebugA|x64
		DLL Debug|ARM = DLL Debug|ARM
		DLL Debug|Win32 = DLL Debug|Win32
		DLL Debug|x64 = DLL Debug|x64
		DLL Release|ARM = DLL Release|ARM
		DLL Release|Win32 = DLL Release|Win32
		DLL Release|x64 = DLL Release|x64
		Release|ARM = Release|ARM
		Release|Win32 = Release|Win32
		Release|x64 = Release|x64
		ReleaseA|ARM = ReleaseA|ARM
		ReleaseA|Win32 = ReleaseA|Win32
		ReleaseA|x64 = ReleaseA|x64
	EndGlobalSection
	GlobalSection(ProjectConfigurationPlatforms) = postSolution
		{8A1AE679-131A-493C-86CA-91179B0955A4}.Debug|ARM.ActiveCfg = Debug|ARM
		{8A1AE679-131A-493C-86CA-91179B0955A4}.Debug|ARM.Build.0 = Debug|ARM
		{8A1AE679-131A-493C-86CA-91179B0955A4}.Debug|Win32.ActiveCfg = Debug|Win32
		{8A1AE679-131A-493C-86CA-91179B0955A4}.Debug|Win32.Build.0 = Debug|Win32
		{8A1AE679-131A-493C-86CA-91179B0955A4}.Debug|x64.ActiveCfg = Debug|x64
		{8A1AE679-131A-493C-86CA-91179B0955A4}.Debug|x64.Build.0 = Debug|x64
		{8A1AE679-131A-493C-86CA-91179B0955A4}.DebugA|ARM.ActiveCfg = Debug|ARM
		{8A1AE679-131A-493C-86CA-91179B0955A4}.DebugA|ARM.Build.0 = Debug|ARM
		{8A1AE679-131A-493C-86CA-91179B0955A4}.DebugA|Win32.ActiveCfg = Debug|Win32
		{8A1AE679-131A-493C-86CA-91179B0955A4}.DebugA|Win32.Build.0 = Debug|Win32
		{8A1AE679-131A-493C-86CA-91179B0955A4}.DebugA|x64.ActiveCfg = Debug|x64
		{8A1AE679-131A-493C-86CA-91179B0955A4}.DebugA|x64.Build.0 = Debug|x64
		{8A1AE679-131A-493C-86CA-91179B0955A4}.DLL Debug|ARM.ActiveCfg = Debug|ARM
		{8A1AE679-131A-493C-86CA-91179B0955A4}.DLL Debug|ARM.Build.0 = Debug|ARM
		{8A1AE679-131A-493C-86CA-91179B0955A4}.DLL Debug|Win32.ActiveCfg = Debug|Win32
		{8A1AE679-131A-493C-86CA-91179B0955A4}.DLL Debug|Win32.Build.0 = Debug|Win32
		{8A1AE679-131A-493C-86CA-91179B0955A4}.DLL Debug|x64.ActiveCfg = Debug|x64
		{8A1AE679-131A-493C-86CA-91179B0955A4}.DLL Debug|x64.Build.0 = Debug|x64
		{8A1AE679-131A-493C-86CA-91179B0955A4}.DLL Release|ARM.ActiveCfg = Release|ARM
		{8A1AE679-131A-493C-86CA-91179B0955A4}.DLL Release|ARM.Build.0 = Release|ARM
		{8A1AE679-131A-493C-86CA-91179B0955A4}.DLL Release|Win32.ActiveCfg = Release|Win32
		{8A1AE679-131A-493C-86CA-91179B0955A4}.DLL Release|Win32.Build.0 = Release|Win32
		{8A1AE679-131A-493C-86CA-91179B0955A4}.DLL Release|x64.ActiveCfg = Release|x64
		{8A1AE679-131A-493C-86CA-91179B0955A4}.DLL Release|x64.Build.0 = Release|x64
		{8A1AE679-131A-493C-86CA-91179B0955A4}.Release|ARM.ActiveCfg = Release|ARM
		{8A1AE679-131A-493C-86CA-91179B0955A4}.Release|ARM.Build.0 = Release|ARM
		{8A1AE679-131A-493C-86CA-91179B0955A4}.Release|Win32.ActiveCfg = Release|Win32
		{8A1AE679-131A-493C-86CA-91179B0955A4}.Release|Win32.Build.0 = Release|Win32
		{8A1AE679-131A-493C-86CA-91179B0955A4}.Release|x64.ActiveCfg = Release|x64
		{8A1AE679-131A-493C-86CA-91179B0955A4}.Release|x64.Build.0 = Release|x64
		{8A1AE679-131A-493C-86CA-91179B0955A4}.ReleaseA|ARM.ActiveCfg = Release|ARM
		{8A1AE679-131A-493C-86CA-91179B0955A4}.ReleaseA|ARM.Build.0 = Release|ARM
		{8A1AE679-131A-493C-86CA-91179B0955A4}.ReleaseA|Win32.ActiveCfg = Release|Win32
		{8A1AE679-131A-493C-86CA-91179B0955A4}.ReleaseA|Win32.Build.0 = Release|Win32
		{8A1AE679-131A-493C-86CA-91179B0955A4}.ReleaseA|x64.ActiveCfg = Release|x64
		{8A1AE679-131A-493C-86CA-91179B0955A4}.ReleaseA|x64.Build.0 = Release|x64
		{512A686F-0CE4-49C9-B71B-BBBA99E14636}.Debug|ARM.ActiveCfg = Debug|ARM
		{512A686F-0CE4-49C9-B71B-BBBA99E14636}.Debug|ARM.Build.0 = Debug|ARM
		{512A686F-0CE4-49C9-B71B-BBBA99E14636}.Debug|Win32.ActiveCfg = Debug|Win32
		{512A686F-0CE4-49C9-B71B-BBBA99E14636}.Debug|Win32.Build.0 = Debug|Win32
		{512A686F-0CE4-49C9-B71B-BBBA99E14636}.Debug|x64.ActiveCfg = Debug|x64
		{512A686F-0CE4-49C9-B71B-BBBA99E14636}.Debug|x64.Build.0 = Debug|x64
		{512A686F-0CE4-49C9-B71B-BBBA99E14636}.DebugA|ARM.ActiveCfg = Debug|ARM
		{512A686F-0CE4-49C9-B71B-BBBA99E14636}.DebugA|ARM.Build.0 = Debug|ARM
		{512A686F-0CE4-49C9-B71B-BBBA99E14636}.DebugA|Win32.ActiveCfg = Debug|Win32
		{512A686F-0CE4-49C9-B71B-BBBA99E14636}.DebugA|Win32.Build.0 = Debug|Win32
		{512A686F-0CE4-49C9-B71B-BBBA99E14636}.DebugA|x64.ActiveCfg = Debug|x64
		{512A686F-0CE4-49C9-B71B-BBBA99E14636}.DebugA|x64.Build.0 = Debug|x64
		{512A686F-0CE4-49C9-B71B-BBBA99E14636}.DLL Debug|ARM.ActiveCfg = Debug|ARM
		{512A686F-0CE4-49C9-B71B-BBBA99E14636}.DLL Debug|ARM.Build.0 = Debug|ARM
		{512A686F-0CE4-49C9-B71B-BBBA99E14636}.DLL Debug|Win32.ActiveCfg = Debug|Win32
		{512A686F-0CE4-49C9-B71B-BBBA99E14636}.DLL Debug|Win32.Build.0 = Debug|Win32
		{512A686F-0CE4-49C9-B71B-BBBA99E14636}.DLL Debug|x64.ActiveCfg = Debug|x64
		{512A686F-0CE4-49C9-B71B-BBBA99E14636}.DLL Debug|x64.Build.0 = Debug|x64
		{512A686F-0CE4-49C9-B71B-BBBA99E14636}.DLL Release|ARM.ActiveCfg = Release|ARM
		{512A686F-0CE4-49C9-B71B-BBBA99E14636}.DLL Release|ARM.Build.0 = Release|ARM
		{512A686F-0CE4-49C9-B71B-BBBA99E14636}.DLL Release|Win32.ActiveCfg = Release|Win32
		{512A686F-0CE4-49C9-B71B-BBBA99E14636}.DLL Release|Win32.Build.0 = Release|Win32
		{512A686F-0CE4-49C9-B71B-BBBA99E14636}.DLL Release|x64.ActiveCfg = Release|x64
		{512A686F-0CE4-49C9-B71B-BBBA99E14636}.DLL Release|x64.Build.0 = Release|x64
		{512A686F-0CE4-49C9-B71B-BBBA99E14636}.Release|ARM.ActiveCfg = Release|ARM
		{512A686F-0CE4-49C9-B71B-BBBA99E14636}.Release|ARM.Build.0 = Release|ARM
		{512A686F-0CE4-49C9-B71B-BBBA99E14636}.Release|Win32.ActiveCfg = Release|Win32
		{512A686F-0CE4-49C9-B71B-BBBA99E14636}.Release|Win32.Build.0 = Release|Win32
		{512A686F-0CE4-49C9-B71B-BBBA99E14636}.Release|x64.ActiveCfg = Release|x64
		{512A686F-0CE4-49C9-B71B-BBBA99E14636}.Release|x64.Build.0 = Release|x64
		{512A686F-0CE4-49C9-B71B-BBBA99E14636}.ReleaseA|ARM.ActiveCfg = Release|ARM
		{512A686F-0CE4-49C9-B71B-BBBA99E14636}.ReleaseA|ARM.Build.0 = Release|ARM
		{512A686F-0CE4-49C9-B71B-BBBA99E14636}.ReleaseA|Win32.ActiveCfg = Release|Win32
		{512A686F-0CE4-49C9-B71B-BBBA99E14636}.ReleaseA|Win32.Build.0 = Release|Win32
		{512A686F-0CE4-49C9-B71B-BBBA99E14636}.ReleaseA|x64.ActiveCfg = Release|x64
		{512A686F-0CE4-49C9-B71B-BBBA99E14636}.ReleaseA|x64.Build.0 = Release|x64
		{0DA1DA7D-F393-4E7C-A7CE-CB5C6A67BC94}.Debug|ARM.ActiveCfg = DebugA|ARM
		{0DA1DA7D-F393-4E7C-A7CE-CB5C6A67BC94}.Debug|ARM.Build.0 = Debug|ARM
		{0DA1DA7D-F393-4E7C-A7CE-CB5C6A67BC94}.Debug|Win32.ActiveCfg = Debug|Win32
		{0DA1DA7D-F393-4E7C-A7CE-CB5C6A67BC94}.Debug|Win32.Build.0 = Debug|Win32
		{0DA1DA7D-F393-4E7C-A7CE-CB5C6A67BC94}.Debug|x64.ActiveCfg = Debug|x64
		{0DA1DA7D-F393-4E7C-A7CE-CB5C6A67BC94}.Debug|x64.Build.0 = Debug|x64
		{0DA1DA7D-F393-4E7C-A7CE-CB5C6A67BC94}.DebugA|ARM.ActiveCfg = DebugA|ARM
		{0DA1DA7D-F393-4E7C-A7CE-CB5C6A67BC94}.DebugA|ARM.Build.0 = DebugA|ARM
		{0DA1DA7D-F393-4E7C-A7CE-CB5C6A67BC94}.DebugA|Win32.ActiveCfg = DebugA|Win32
		{0DA1DA7D-F393-4E7C-A7CE-CB5C6A67BC94}.DebugA|Win32.Build.0 = DebugA|Win32
		{0DA1DA7D-F393-4E7C-A7CE-CB5C6A67BC94}.DebugA|x64.ActiveCfg = DebugA|x64
		{0DA1DA7D-F393-4E7C-A7CE-CB5C6A67BC94}.DebugA|x64.Build.0 = DebugA|x64
		{0DA1DA7D-F393-4E7C-A7CE-CB5C6A67BC94}.DLL Debug|ARM.ActiveCfg = Debug|ARM
		{0DA1DA7D-F393-4E7C-A7CE-CB5C6A67BC94}.DLL Debug|ARM.Build.0 = Debug|ARM
		{0DA1DA7D-F393-4E7C-A7CE-CB5C6A67BC94}.DLL Debug|Win32.ActiveCfg = Debug|Win32
		{0DA1DA7D-F393-4E7C-A7CE-CB5C6A67BC94}.DLL Debug|Win32.Build.0 = Debug|Win32
		{0DA1DA7D-F393-4E7C-A7CE-CB5C6A67BC94}.DLL Debug|x64.ActiveCfg = Debug|x64
		{0DA1DA7D-F393-4E7C-A7CE-CB5C6A67BC94}.DLL Debug|x64.Build.0 = Debug|x64
		{0DA1DA7D-F393-4E7C-A7CE-CB5C6A67BC94}.DLL Release|ARM.ActiveCfg = Release|ARM
		{0DA1DA7D-F393-4E7C-A7CE-CB5C6A67BC94}.DLL Release|ARM.Build.0 = Release|ARM
		{0DA1DA7D-F393-4E7C-A7CE-CB5C6A67BC94}.DLL Release|Win32.ActiveCfg = Release|Win32
		{0DA1DA7D-F393-4E7C-A7CE-CB5C6A67BC94}.DLL Release|Win32.Build.0 = Release|Win32
		{0DA1DA7D-F393-4E7C-A7CE-CB5C6A67BC94}.DLL Release|x64.ActiveCfg = Release|x64
		{0DA1DA7D-F393-4E7C-A7CE-CB5C6A67BC94}.DLL Release|x64.Build.0 = Release|x64
		{0DA1DA7D-F393-4E7C-A7CE-CB5C6A67BC94}.Release|ARM.ActiveCfg = Release|ARM
		{0DA1DA7D-F393-4E7C-A7CE-CB5C6A67BC94}.Release|ARM.Build.0 = Release|ARM
		{0DA1DA7D-F393-4E7C-A7CE-CB5C6A67BC94}.Release|Win32.ActiveCfg = Release|Win32
		{0DA1DA7D-F393-4E7C-A7CE-CB5C6A67BC94}.Release|Win32.Build.0 = Release|Win32
		{0DA1DA7D-F393-4E7C-A7CE-CB5C6A67BC94}.Release|x64.ActiveCfg = Release|x64
		{0DA1DA7D-F393-4E7C-A7CE-CB5C6A67BC94}.Release|x64.Build.0 = Release|x64
		{0DA1DA7D-F393-4E7C-A7CE-CB5C6A67BC94}.ReleaseA|ARM.ActiveCfg = ReleaseA|ARM
		{0DA1DA7D-F393-4E7C-A7CE-CB5C6A67BC94}.ReleaseA|ARM.Build.0 = ReleaseA|ARM
		{0DA1DA7D-F393-4E7C-A7CE-CB5C6A67BC94}.ReleaseA|Win32.ActiveCfg = ReleaseA|Win32
		{0DA1DA7D-F393-4E7C-A7CE-CB5C6A67BC94}.ReleaseA|Win32.Build.0 = ReleaseA|Win32
		{0DA1DA7D-F393-4E7C-A7CE-CB5C6A67BC94}.ReleaseA|x64.ActiveCfg = ReleaseA|x64
		{0DA1DA7D-F393-4E7C-A7CE-CB5C6A67BC94}.ReleaseA|x64.Build.0 = ReleaseA|x64
		{20E0F8D6-213C-460B-B361-9C725CB375C7}.Debug|ARM.ActiveCfg = Debug|ARM
		{20E0F8D6-213C-460B-B361-9C725CB375C7}.Debug|ARM.Build.0 = Debug|ARM
		{20E0F8D6-213C-460B-B361-9C725CB375C7}.Debug|Win32.ActiveCfg = Debug|Win32
		{20E0F8D6-213C-460B-B361-9C725CB375C7}.Debug|Win32.Build.0 = Debug|Win32
		{20E0F8D6-213C-460B-B361-9C725CB375C7}.Debug|x64.ActiveCfg = Debug|x64
		{20E0F8D6-213C-460B-B361-9C725CB375C7}.Debug|x64.Build.0 = Debug|x64
		{20E0F8D6-213C-460B-B361-9C725CB375C7}.DebugA|ARM.ActiveCfg = Debug|ARM
		{20E0F8D6-213C-460B-B361-9C725CB375C7}.DebugA|ARM.Build.0 = Debug|ARM
		{20E0F8D6-213C-460B-B361-9C725CB375C7}.DebugA|Win32.ActiveCfg = Debug|Win32
		{20E0F8D6-213C-460B-B361-9C725CB375C7}.DebugA|Win32.Build.0 = Debug|Win32
		{20E0F8D6-213C-460B-B361-9C725CB375C7}.DebugA|x64.ActiveCfg = Debug|x64
		{20E0F8D6-213C-460B-B361-9C725CB375C7}.DebugA|x64.Build.0 = Debug|x64
		{20E0F8D6-213C-460B-B361-9C725CB375C7}.DLL Debug|ARM.ActiveCfg = Debug|ARM
		{20E0F8D6-213C-460B-B361-9C725CB375C7}.DLL Debug|ARM.Build.0 = Debug|ARM
		{20E0F8D6-213C-460B-B361-9C725CB375C7}.DLL Debug|Win32.ActiveCfg = Debug|Win32
		{20E0F8D6-213C-460B-B361-9C725CB375C7}.DLL Debug|Win32.Build.0 = Debug|Win32
		{20E0F8D6-213C-460B-B361-9C725CB375C7}.DLL Debug|x64.ActiveCfg = Debug|x64
		{20E0F8D6-213C-460B-B361-9C725CB375C7}.DLL Debug|x64.Build.0 = Debug|x64
		{20E0F8D6-213C-460B-B361-9C725CB375C7}.DLL Release|ARM.ActiveCfg = Release|ARM
		{20E0F8D6-213C-460B-B361-9C725CB375C7}.DLL Release|ARM.Build.0 = Release|ARM
		{20E0F8D6-213C-460B-B361-9C725CB375C7}.DLL Release|Win32.ActiveCfg = Release|Win32
		{20E0F8D6-213C-460B-B361-9C725CB375C7}.DLL Release|Win32.Build.0 = Release|Win32
		{20E0F8D6-213C-460B-B361-9C725CB375C7}.DLL Release|x64.ActiveCfg = Release|x64
		{20E0F8D6-213C-460B-B361-9C725CB375C7}.DLL Release|x64.Build.0 = Release|x64
		{20E0F8D6-213C-460B-B361-9C725CB375C7}.Release|ARM.ActiveCfg = Release|ARM
		{20E0F8D6-213C-460B-B361-9C725CB375C7}.Release|ARM.Build.0 = Release|ARM
		{20E0F8D6-213C-460B-B361-9C725CB375C7}.Release|Win32.ActiveCfg = Release|Win32
		{20E0F8D6-213C-460B-B361-9C725CB375C7}.Release|Win32.Build.0 = Release|Win32
		{20E0F8D6-213C-460B-B361-9C725CB375C7}.Release|x64.ActiveCfg = Release|x64
		{20E0F8D6-213C-460B-B361-9C725CB375C7}.Release|x64.Build.0 = Release|x64
		{20E0F8D6-213C-460B-B361-9C725CB375C7}.ReleaseA|ARM.ActiveCfg = Release|ARM
		{20E0F8D6-213C-460B-B361-9C725CB375C7}.ReleaseA|ARM.Build.0 = Release|ARM
		{20E0F8D6-213C-460B-B361-9C725CB375C7}.ReleaseA|Win32.ActiveCfg = Release|Win32
		{20E0F8D6-213C-460B-B361-9C725CB375C7}.ReleaseA|Win32.Build.0 = Release|Win32
		{20E0F8D6-213C-460B-B361-9C725CB375C7}.ReleaseA|x64.ActiveCfg = Release|x64
		{20E0F8D6-213C-460B-B361-9C725CB375C7}.ReleaseA|x64.Build.0 = Release|x64
		{BE6D3EF8-2F82-4F1E-956A-890C3614A2D5}.Debug|ARM.ActiveCfg = DebugA|ARM
		{BE6D3EF8-2F82-4F1E-956A-890C3614A2D5}.Debug|ARM.Build.0 = Debug|ARM
		{BE6D3EF8-2F82-4F1E-956A-890C3614A2D5}.Debug|Win32.ActiveCfg = Debug|Win32
		{BE6D3EF8-2F82-4F1E-956A-890C3614A2D5}.Debug|Win32.Build.0 = Debug|Win32
		{BE6D3EF8-2F82-4F1E-956A-890C3614A2D5}.Debug|x64.ActiveCfg = Debug|x64
		{BE6D3EF8-2F82-4F1E-956A-890C3614A2D5}.Debug|x64.Build.0 = Debug|x64
		{BE6D3EF8-2F82-4F1E-956A-890C3614A2D5}.DebugA|ARM.ActiveCfg = DebugA|ARM
		{BE6D3EF8-2F82-4F1E-956A-890C3614A2D5}.DebugA|ARM.Build.0 = DebugA|ARM
		{BE6D3EF8-2F82-4F1E-956A-890C3614A2D5}.DebugA|Win32.ActiveCfg = DebugA|Win32
		{BE6D3EF8-2F82-4F1E-956A-890C3614A2D5}.DebugA|Win32.Build.0 = DebugA|Win32
		{BE6D3EF8-2F82-4F1E-956A-890C3614A2D5}.DebugA|x64.ActiveCfg = DebugA|x64
		{BE6D3EF8-2F82-4F1E-956A-890C3614A2D5}.DebugA|x64.Build.0 = DebugA|x64
		{BE6D3EF8-2F82-4F1E-956A-890C3614A2D5}.DLL Debug|ARM.ActiveCfg = Debug|ARM
		{BE6D3EF8-2F82-4F1E-956A-890C3614A2D5}.DLL Debug|ARM.Build.0 = Debug|ARM
		{BE6D3EF8-2F82-4F1E-956A-890C3614A2D5}.DLL Debug|Win32.ActiveCfg = Debug|Win32
		{BE6D3EF8-2F82-4F1E-956A-890C3614A2D5}.DLL Debug|Win32.Build.0 = Debug|Win32
		{BE6D3EF8-2F82-4F1E-956A-890C3614A2D5}.DLL Debug|x64.ActiveCfg = Debug|x64
		{BE6D3EF8-2F82-4F1E-956A-890C3614A2D5}.DLL Debug|x64.Build.0 = Debug|x64
		{BE6D3EF8-2F82-4F1E-956A-890C3614A2D5}.DLL Release|ARM.ActiveCfg = Release|ARM
		{BE6D3EF8-2F82-4F1E-956A-890C3614A2D5}.DLL Release|ARM.Build.0 = Release|ARM
		{BE6D3EF8-2F82-4F1E-956A-890C3614A2D5}.DLL Release|Win32.ActiveCfg = Release|Win32
		{BE6D3EF8-2F82-4F1E-956A-890C3614A2D5}.DLL Release|Win32.Build.0 = Release|Win32
		{BE6D3EF8-2F82-4F1E-956A-890C3614A2D5}.DLL Release|x64.ActiveCfg = Release|x64
		{BE6D3EF8-2F82-4F1E-956A-890C3614A2D5}.DLL Release|x64.Build.0 = Release|x64
		{BE6D3EF8-2F82-4F1E-956A-890C3614A2D5}.Release|ARM.ActiveCfg = Release|ARM
		{BE6D3EF8-2F82-4F1E-956A-890C3614A2D5}.Release|ARM.Build.0 = Release|ARM
		{BE6D3EF8-2F82-4F1E-956A-890C3614A2D5}.Release|Win32.ActiveCfg = Release|Win32
		{BE6D3EF8-2F82-4F1E-956A-890C3614A2D5}.Release|Win32.Build.0 = Release|Win32
		{BE6D3EF8-2F82-4F1E-956A-890C3614A2D5}.Release|x64.ActiveCfg = Release|x64
		{BE6D3EF8-2F82-4F1E-956A-890C3614A2D5}.Release|x64.Build.0 = Release|x64
		{BE6D3EF8-2F82-4F1E-956A-890C3614A2D5}.ReleaseA|ARM.ActiveCfg = ReleaseA|ARM
		{BE6D3EF8-2F82-4F1E-956A-890C3614A2D5}.ReleaseA|ARM.Build.0 = ReleaseA|ARM
		{BE6D3EF8-2F82-4F1E-956A-890C3614A2D5}.ReleaseA|Win32.ActiveCfg = ReleaseA|Win32
		{BE6D3EF8-2F82-4F1E-956A-890C3614A2D5}.ReleaseA|Win32.Build.0 = ReleaseA|Win32
		{BE6D3EF8-2F82-4F1E-956A-890C3614A2D5}.ReleaseA|x64.ActiveCfg = ReleaseA|x64
		{BE6D3EF8-2F82-4F1E-956A-890C3614A2D5}.ReleaseA|x64.Build.0 = ReleaseA|x64
		{745DEC58-EBB3-47A9-A9B8-4C6627C01BF8}.Debug|ARM.ActiveCfg = Debug|Win32
		{745DEC58-EBB3-47A9-A9B8-4C6627C01BF8}.Debug|Win32.ActiveCfg = Debug|Win32
		{745DEC58-EBB3-47A9-A9B8-4C6627C01BF8}.Debug|Win32.Build.0 = Debug|Win32
		{745DEC58-EBB3-47A9-A9B8-4C6627C01BF8}.Debug|x64.ActiveCfg = Debug|x64
		{745DEC58-EBB3-47A9-A9B8-4C6627C01BF8}.Debug|x64.Build.0 = Debug|x64
		{745DEC58-EBB3-47A9-A9B8-4C6627C01BF8}.DebugA|ARM.ActiveCfg = Debug|Win32
		{745DEC58-EBB3-47A9-A9B8-4C6627C01BF8}.DebugA|Win32.ActiveCfg = Debug|Win32
		{745DEC58-EBB3-47A9-A9B8-4C6627C01BF8}.DebugA|Win32.Build.0 = Debug|Win32
		{745DEC58-EBB3-47A9-A9B8-4C6627C01BF8}.DebugA|x64.ActiveCfg = Debug|x64
		{745DEC58-EBB3-47A9-A9B8-4C6627C01BF8}.DebugA|x64.Build.0 = Debug|x64
		{745DEC58-EBB3-47A9-A9B8-4C6627C01BF8}.DLL Debug|ARM.ActiveCfg = Debug|Win32
		{745DEC58-EBB3-47A9-A9B8-4C6627C01BF8}.DLL Debug|Win32.ActiveCfg = Debug|Win32
		{745DEC58-EBB3-47A9-A9B8-4C6627C01BF8}.DLL Debug|Win32.Build.0 = Debug|Win32
		{745DEC58-EBB3-47A9-A9B8-4C6627C01BF8}.DLL Debug|x64.ActiveCfg = Debug|x64
		{745DEC58-EBB3-47A9-A9B8-4C6627C01BF8}.DLL Debug|x64.Build.0 = Debug|x64
		{745DEC58-EBB3-47A9-A9B8-4C6627C01BF8}.DLL Release|ARM.ActiveCfg = Release|Win32
		{745DEC58-EBB3-47A9-A9B8-4C6627C01BF8}.DLL Release|Win32.ActiveCfg = Release|Win32
		{745DEC58-EBB3-47A9-A9B8-4C6627C01BF8}.DLL Release|Win32.Build.0 = Release|Win32
		{745DEC58-EBB3-47A9-A9B8-4C6627C01BF8}.DLL Release|x64.ActiveCfg = Release|x64
		{745DEC58-EBB3-47A9-A9B8-4C6627C01BF8}.DLL Release|x64.Build.0 = Release|x64
		{745DEC58-EBB3-47A9-A9B8-4C6627C01BF8}.Release|ARM.ActiveCfg = Release|Win32
		{745DEC58-EBB3-47A9-A9B8-4C6627C01BF8}.Release|Win32.ActiveCfg = ReleaseWithoutAsm|Win32
		{745DEC58-EBB3-47A9-A9B8-4C6627C01BF8}.Release|Win32.Build.0 = ReleaseWithoutAsm|Win32
		{745DEC58-EBB3-47A9-A9B8-4C6627C01BF8}.Release|x64.ActiveCfg = ReleaseWithoutAsm|x64
		{745DEC58-EBB3-47A9-A9B8-4C6627C01BF8}.Release|x64.Build.0 = ReleaseWithoutAsm|x64
		{745DEC58-EBB3-47A9-A9B8-4C6627C01BF8}.ReleaseA|ARM.ActiveCfg = ReleaseWithoutAsm|Win32
		{745DEC58-EBB3-47A9-A9B8-4C6627C01BF8}.ReleaseA|Win32.ActiveCfg = ReleaseWithoutAsm|Win32
		{745DEC58-EBB3-47A9-A9B8-4C6627C01BF8}.ReleaseA|Win32.Build.0 = ReleaseWithoutAsm|Win32
		{745DEC58-EBB3-47A9-A9B8-4C6627C01BF8}.ReleaseA|x64.ActiveCfg = ReleaseWithoutAsm|x64
		{745DEC58-EBB3-47A9-A9B8-4C6627C01BF8}.ReleaseA|x64.Build.0 = ReleaseWithoutAsm|x64
		{3FCC50C2-81E9-5DB2-B8D8-2129427568B1}.Debug|ARM.ActiveCfg = Debug|Win32
		{3FCC50C2-81E9-5DB2-B8D8-2129427568B1}.Debug|Win32.ActiveCfg = Debug|Win32
		{3FCC50C2-81E9-5DB2-B8D8-2129427568B1}.Debug|Win32.Build.0 = Debug|Win32
		{3FCC50C2-81E9-5DB2-B8D8-2129427568B1}.Debug|x64.ActiveCfg = Debug|x64
		{3FCC50C2-81E9-5DB2-B8D8-2129427568B1}.Debug|x64.Build.0 = Debug|x64
		{3FCC50C2-81E9-5DB2-B8D8-2129427568B1}.DebugA|ARM.ActiveCfg = Debug|Win32
		{3FCC50C2-81E9-5DB2-B8D8-2129427568B1}.DebugA|Win32.ActiveCfg = Debug|Win32
		{3FCC50C2-81E9-5DB2-B8D8-2129427568B1}.DebugA|Win32.Build.0 = Debug|Win32
		{3FCC50C2-81E9-5DB2-B8D8-2129427568B1}.DebugA|x64.ActiveCfg = Debug|x64
		{3FCC50C2-81E9-5DB2-B8D8-2129427568B1}.DebugA|x64.Build.0 = Debug|x64
		{3FCC50C2-81E9-5DB2-B8D8-2129427568B1}.DLL Debug|ARM.ActiveCfg = DLL Debug|Win32
		{3FCC50C2-81E9-5DB2-B8D8-2129427568B1}.DLL Debug|Win32.ActiveCfg = DLL Debug|Win32
		{3FCC50C2-81E9-5DB2-B8D8-2129427568B1}.DLL Debug|Win32.Build.0 = DLL Debug|Win32
		{3FCC50C2-81E9-5DB2-B8D8-2129427568B1}.DLL Debug|x64.ActiveCfg = DLL Debug|x64
		{3FCC50C2-81E9-5DB2-B8D8-2129427568B1}.DLL Debug|x64.Build.0 = DLL Debug|x64
		{3FCC50C2-81E9-5DB2-B8D8-2129427568B1}.DLL Release|ARM.ActiveCfg = DLL Release|Win32
		{3FCC50C2-81E9-5DB2-B8D8-2129427568B1}.DLL Release|Win32.ActiveCfg = DLL Release|Win32
		{3FCC50C2-81E9-5DB2-B8D8-2129427568B1}.DLL Release|Win32.Build.0 = DLL Release|Win32
		{3FCC50C2-81E9-5DB2-B8D8-2129427568B1}.DLL Release|x64.ActiveCfg = DLL Release|x64
		{3FCC50C2-81E9-5DB2-B8D8-2129427568B1}.DLL Release|x64.Build.0 = DLL Release|x64
		{3FCC50C2-81E9-5DB2-B8D8-2129427568B1}.Release|ARM.ActiveCfg = Release|Win32
		{3FCC50C2-81E9-5DB2-B8D8-2129427568B1}.Release|Win32.ActiveCfg = Release|Win32
		{3FCC50C2-81E9-5DB2-B8D8-2129427568B1}.Release|Win32.Build.0 = Release|Win32
		{3FCC50C2-81E9-5DB2-B8D8-2129427568B1}.Release|x64.ActiveCfg = Release|x64
		{3FCC50C2-81E9-5DB2-B8D8-2129427568B1}.Release|x64.Build.0 = Release|x64
		{3FCC50C2-81E9-5DB2-B8D8-2129427568B1}.ReleaseA|ARM.ActiveCfg = Release|Win32
		{3FCC50C2-81E9-5DB2-B8D8-2129427568B1}.ReleaseA|Win32.ActiveCfg = Release|Win32
		{3FCC50C2-81E9-5DB2-B8D8-2129427568B1}.ReleaseA|Win32.Build.0 = Release|Win32
		{3FCC50C2-81E9-5DB2-B8D8-2129427568B1}.ReleaseA|x64.ActiveCfg = Release|x64
		{3FCC50C2-81E9-5DB2-B8D8-2129427568B1}.ReleaseA|x64.Build.0 = Release|x64
		{6744DAD8-9C70-574A-BFF2-9F8DDDB24A75}.Debug|ARM.ActiveCfg = Debug|Win32
		{6744DAD8-9C70-574A-BFF2-9F8DDDB24A75}.Debug|Win32.ActiveCfg = Debug|Win32
		{6744DAD8-9C70-574A-BFF2-9F8DDDB24A75}.Debug|Win32.Build.0 = Debug|Win32
		{6744DAD8-9C70-574A-BFF2-9F8DDDB24A75}.Debug|x64.ActiveCfg = Debug|x64
		{6744DAD8-9C70-574A-BFF2-9F8DDDB24A75}.Debug|x64.Build.0 = Debug|x64
		{6744DAD8-9C70-574A-BFF2-9F8DDDB24A75}.DebugA|ARM.ActiveCfg = Debug|Win32
		{6744DAD8-9C70-574A-BFF2-9F8DDDB24A75}.DebugA|Win32.ActiveCfg = Debug|Win32
		{6744DAD8-9C70-574A-BFF2-9F8DDDB24A75}.DebugA|Win32.Build.0 = Debug|Win32
		{6744DAD8-9C70-574A-BFF2-9F8DDDB24A75}.DebugA|x64.ActiveCfg = Debug|x64
		{6744DAD8-9C70-574A-BFF2-9F8DDDB24A75}.DebugA|x64.Build.0 = Debug|x64
		{6744DAD8-9C70-574A-BFF2-9F8DDDB24A75}.DLL Debug|ARM.ActiveCfg = DLL Debug|Win32
		{6744DAD8-9C70-574A-BFF2-9F8DDDB24A75}.DLL Debug|Win32.ActiveCfg = DLL Debug|Win32
		{6744DAD8-9C70-574A-BFF2-9F8DDDB24A75}.DLL Debug|Win32.Build.0 = DLL Debug|Win32
		{6744DAD8-9C70-574A-BFF2-9F8DDDB24A75}.DLL Debug|x64.ActiveCfg = DLL Debug|x64
		{6744DAD8-9C70-574A-BFF2-9F8DDDB24A75}.DLL Debug|x64.Build.0 = DLL Debug|x64
		{6744DAD8-9C70-574A-BFF2-9F8DDDB24A75}.DLL Release|ARM.ActiveCfg = DLL Release|Win32
		{6744DAD8-9C70-574A-BFF2-9F8DDDB24A75}.DLL Release|Win32.ActiveCfg = DLL Release|Win32
		{6744DAD8-9C70-574A-BFF2-9F8DDDB24A75}.DLL Release|Win32.Build.0 = DLL Release|Win32
		{6744DAD8-9C70-574A-BFF2-9F8DDDB24A75}.DLL Release|x64.ActiveCfg = DLL Release|x64
		{6744DAD8-9C70-574A-BFF2-9F8DDDB24A75}.DLL Release|x64.Build.0 = DLL Release|x64
		{6744DAD8-9C70-574A-BFF2-9F8DDDB24A75}.Release|ARM.ActiveCfg = Release|Win32
		{6744DAD8-9C70-574A-BFF2-9F8DDDB24A75}.Release|Win32.ActiveCfg = Release|Win32
		{6744DAD8-9C70-574A-BFF2-9F8DDDB24A75}.Release|Win32.Build.0 = Release|Win32
		{6744DAD8-9C70-574A-BFF2-9F8DDDB24A75}.Release|x64.ActiveCfg = Release|x64
		{6744DAD8-9C70-574A-BFF2-9F8DDDB24A75}.Release|x64.Build.0 = Release|x64
		{6744DAD8-9C70-574A-BFF2-9F8DDDB24A75}.ReleaseA|ARM.ActiveCfg = Release|Win32
		{6744DAD8-9C70-574A-BFF2-9F8DDDB24A75}.ReleaseA|Win32.ActiveCfg = Release|Win32
		{6744DAD8-9C70-574A-BFF2-9F8DDDB24A75}.ReleaseA|Win32.Build.0 = Release|Win32
		{6744DAD8-9C70-574A-BFF2-9F8DDDB24A75}.ReleaseA|x64.ActiveCfg = Release|x64
		{6744DAD8-9C70-574A-BFF2-9F8DDDB24A75}.ReleaseA|x64.Build.0 = Release|x64
		{33CC42F9-7756-5587-863C-8D4461B7C5DD}.Debug|ARM.ActiveCfg = Debug|Win32
		{33CC42F9-7756-5587-863C-8D4461B7C5DD}.Debug|Win32.ActiveCfg = Debug|Win32
		{33CC42F9-7756-5587-863C-8D4461B7C5DD}.Debug|Win32.Build.0 = Debug|Win32
		{33CC42F9-7756-5587-863C-8D4461B7C5DD}.Debug|x64.ActiveCfg = Debug|x64
		{33CC42F9-7756-5587-863C-8D4461B7C5DD}.Debug|x64.Build.0 = Debug|x64
		{33CC42F9-7756-5587-863C-8D4461B7C5DD}.DebugA|ARM.ActiveCfg = Debug|Win32
		{33CC42F9-7756-5587-863C-8D4461B7C5DD}.DebugA|Win32.ActiveCfg = Debug|Win32
		{33CC42F9-7756-5587-863C-8D4461B7C5DD}.DebugA|Win32.Build.0 = Debug|Win32
		{33CC42F9-7756-5587-863C-8D4461B7C5DD}.DebugA|x64.ActiveCfg = Debug|x64
		{33CC42F9-7756-5587-863C-8D4461B7C5DD}.DebugA|x64.Build.0 = Debug|x64
		{33CC42F9-7756-5587-863C-8D4461B7C5DD}.DLL Debug|ARM.ActiveCfg = DLL Debug|Win32
		{33CC42F9-7756-5587-863C-8D4461B7C5DD}.DLL Debug|Win32.ActiveCfg = DLL Debug|Win32
		{33CC42F9-7756-5587-863C-8D4461B7C5DD}.DLL Debug|Win32.Build.0 = DLL Debug|Win32
		{33CC42F9-7756-5587-863C-8D4461B7C5DD}.DLL Debug|x64.ActiveCfg = DLL Debug|x64
		{33CC42F9-7756-5587-863C-8D4461B7C5DD}.DLL Debug|x64.Build.0 = DLL Debug|x64
		{33CC42F9-7756-5587-863C-8D4461B7C5DD}.DLL Release|ARM.ActiveCfg = DLL Release|Win32
		{33CC42F9-7756-5587-863C-8D4461B7C5DD}.DLL Release|Win32.ActiveCfg = DLL Release|Win32
		{33CC42F9-7756-5587-863C-8D4461B7C5DD}.DLL Release|Win32.Build.0 = DLL Release|Win32
		{33CC42F9-7756-5587-863C-8D4461B7C5DD}.DLL Release|x64.ActiveCfg = DLL Release|x64
		{33CC42F9-7756-5587-863C-8D4461B7C5DD}.DLL Release|x64.Build.0 = DLL Release|x64
		{33CC42F9-7756-5587-863C-8D4461B7C5DD}.Release|ARM.ActiveCfg = Release|Win32
		{33CC42F9-7756-5587-863C-8D4461B7C5DD}.Release|Win32.ActiveCfg = Release|Win32
		{33CC42F9-7756-5587-863C-8D4461B7C5DD}.Release|Win32.Build.0 = Release|Win32
		{33CC42F9-7756-5587-863C-8D4461B7C5DD}.Release|x64.ActiveCfg = Release|x64
		{33CC42F9-7756-5587-863C-8D4461B7C5DD}.Release|x64.Build.0 = Release|x64
		{33CC42F9-7756-5587-863C-8D4461B7C5DD}.ReleaseA|ARM.ActiveCfg = Release|Win32
		{33CC42F9-7756-5587-863C-8D4461B7C5DD}.ReleaseA|Win32.ActiveCfg = Release|Win32
		{33CC42F9-7756-5587-863C-8D4461B7C5DD}.ReleaseA|Win32.Build.0 = Release|Win32
		{33CC42F9-7756-5587-863C-8D4461B7C5DD}.ReleaseA|x64.ActiveCfg = Release|x64
		{33CC42F9-7756-5587-863C-8D4461B7C5DD}.ReleaseA|x64.Build.0 = Release|x64
		{8ACC122A-CA6A-5AA6-9C97-9CDD2E533DB0}.Debug|ARM.ActiveCfg = Debug|Win32
		{8ACC122A-CA6A-5AA6-9C97-9CDD2E533DB0}.Debug|Win32.ActiveCfg = Debug|Win32
		{8ACC122A-CA6A-5AA6-9C97-9CDD2E533DB0}.Debug|Win32.Build.0 = Debug|Win32
		{8ACC122A-CA6A-5AA6-9C97-9CDD2E533DB0}.Debug|x64.ActiveCfg = Debug|x64
		{8ACC122A-CA6A-5AA6-9C97-9CDD2E533DB0}.Debug|x64.Build.0 = Debug|x64
		{8ACC122A-CA6A-5AA6-9C97-9CDD2E533DB0}.DebugA|ARM.ActiveCfg = Debug|Win32
		{8ACC122A-CA6A-5AA6-9C97-9CDD2E533DB0}.DebugA|Win32.ActiveCfg = Debug|Win32
		{8ACC122A-CA6A-5AA6-9C97-9CDD2E533DB0}.DebugA|Win32.Build.0 = Debug|Win32
		{8ACC122A-CA6A-5AA6-9C97-9CDD2E533DB0}.DebugA|x64.ActiveCfg = Debug|x64
		{8ACC122A-CA6A-5AA6-9C97-9CDD2E533DB0}.DebugA|x64.Build.0 = Debug|x64
		{8ACC122A-CA6A-5AA6-9C97-9CDD2E533DB0}.DLL Debug|ARM.ActiveCfg = DLL Debug|Win32
		{8ACC122A-CA6A-5AA6-9C97-9CDD2E533DB0}.DLL Debug|Win32.ActiveCfg = DLL Debug|Win32
		{8ACC122A-CA6A-5AA6-9C97-9CDD2E533DB0}.DLL Debug|Win32.Build.0 = DLL Debug|Win32
		{8ACC122A-CA6A-5AA6-9C97-9CDD2E533DB0}.DLL Debug|x64.ActiveCfg = DLL Debug|x64
		{8ACC122A-CA6A-5AA6-9C97-9CDD2E533DB0}.DLL Debug|x64.Build.0 = DLL Debug|x64
		{8ACC122A-CA6A-5AA6-9C97-9CDD2E533DB0}.DLL Release|ARM.ActiveCfg = DLL Release|Win32
		{8ACC122A-CA6A-5AA6-9C97-9CDD2E533DB0}.DLL Release|Win32.ActiveCfg = DLL Release|Win32
		{8ACC122A-CA6A-5AA6-9C97-9CDD2E533DB0}.DLL Release|Win32.Build.0 = DLL Release|Win32
		{8ACC122A-CA6A-5AA6-9C97-9CDD2E533DB0}.DLL Release|x64.ActiveCfg = DLL Release|x64
		{8ACC122A-CA6A-5AA6-9C97-9CDD2E533DB0}.DLL Release|x64.Build.0 = DLL Release|x64
		{8ACC122A-CA6A-5AA6-9C97-9CDD2E533DB0}.Release|ARM.ActiveCfg = Release|Win32
		{8ACC122A-CA6A-5AA6-9C97-9CDD2E533DB0}.Release|Win32.ActiveCfg = Release|Win32
		{8ACC122A-CA6A-5AA6-9C97-9CDD2E533DB0}.Release|Win32.Build.0 = Release|Win32
		{8ACC122A-CA6A-5AA6-9C97-9CDD2E533DB0}.Release|x64.ActiveCfg = Release|x64
		{8ACC122A-CA6A-5AA6-9C97-9CDD2E533DB0}.Release|x64.Build.0 = Release|x64
		{8ACC122A-CA6A-5AA6-9C97-9CDD2E533DB0}.ReleaseA|ARM.ActiveCfg = Release|Win32
		{8ACC122A-CA6A-5AA6-9C97-9CDD2E533DB0}.ReleaseA|Win32.ActiveCfg = Release|Win32
		{8ACC122A-CA6A-5AA6-9C97-9CDD2E533DB0}.ReleaseA|Win32.Build.0 = Release|Win32
		{8ACC122A-CA6A-5AA6-9C97-9CDD2E533DB0}.ReleaseA|x64.ActiveCfg = Release|x64
		{8ACC122A-CA6A-5AA6-9C97-9CDD2E533DB0}.ReleaseA|x64.Build.0 = Release|x64
	EndGlobalSection
	GlobalSection(SolutionProperties) = preSolution
		HideSolutionNode = FALSE
	EndGlobalSection
	GlobalSection(NestedProjects) = preSolution
		{0DA1DA7D-F393-4E7C-A7CE-CB5C6A67BC94} = {9E732559-27A9-4413-B849-E78EF98C00F1}
		{20E0F8D6-213C-460B-B361-9C725CB375C7} = {9E732559-27A9-4413-B849-E78EF98C00F1}
		{BE6D3EF8-2F82-4F1E-956A-890C3614A2D5} = {9E732559-27A9-4413-B849-E78EF98C00F1}
		{745DEC58-EBB3-47A9-A9B8-4C6627C01BF8} = {70DAF034-E8BA-4636-A42C-CC581B3ECC94}
		{3FCC50C2-81E9-5DB2-B8D8-2129427568B1} = {04D93003-160A-4F76-9E90-B069C508F134}
		{04D93003-160A-4F76-9E90-B069C508F134} = {70DAF034-E8BA-4636-A42C-CC581B3ECC94}
		{6744DAD8-9C70-574A-BFF2-9F8DDDB24A75} = {04D93003-160A-4F76-9E90-B069C508F134}
		{33CC42F9-7756-5587-863C-8D4461B7C5DD} = {04D93003-160A-4F76-9E90-B069C508F134}
		{8ACC122A-CA6A-5AA6-9C97-9CDD2E533DB0} = {04D93003-160A-4F76-9E90-B069C508F134}
	EndGlobalSection
EndGlobal
