<?xml version="1.0" encoding="utf-8"?>
<Project ToolsVersion="15.0" xmlns="http://schemas.microsoft.com/developer/msbuild/2003">
  <ItemGroup>
    <Filter Include="Common">
      <UniqueIdentifier>6ba2c7e5-6be8-4b52-9d91-70275fd920bd</UniqueIdentifier>
    </Filter>
    <Filter Include="Assets">
      <UniqueIdentifier>ddc009ed-6260-49dc-8398-4c38577d7dc8</UniqueIdentifier>
      <Extensions>bmp;fbx;gif;jpg;jpeg;tga;tiff;tif;png</Extensions>
    </Filter>
  </ItemGroup>
  <ItemGroup>
    <ApplicationDefinition Include="..\..\..\Source\GUI\UWP\App.xaml" />
  </ItemGroup>
  <ItemGroup>
    <ClCompile Include="..\..\..\Source\GUI\UWP\App.xaml.cpp" />
    <ClCompile Include="..\..\..\Source\GUI\UWP\MainPage.xaml.cpp" />
    <ClCompile Include="..\..\..\Source\GUI\UWP\AppCore.cpp" />
    <ClCompile Include="..\..\..\Source\GUI\UWP\Report.cpp" />
    <ClCompile Include="..\..\..\Source\GUI\UWP\ReportDataSource.cpp" />
    <ClCompile Include="..\..\..\Source\GUI\UWP\ReportViewModel.cpp" />
    <ClCompile Include="..\..\..\Source\GUI\UWP\ReportPage.xaml.cpp" />
    <ClCompile Include="..\..\..\Source\GUI\UWP\AboutPage.xaml.cpp" />
    <ClCompile Include="..\..\..\Source\GUI\UWP\pch.cpp" />
    <ClCompile Include="..\..\..\Source\GUI\UWP\EasyView.xaml.cpp" />
    <ClCompile Include="..\..\..\Source\GUI\UWP\HtmlView.xaml.cpp" />
    <ClCompile Include="..\..\..\Source\GUI\UWP\SheetView.xaml.cpp" />
    <ClCompile Include="..\..\..\Source\GUI\UWP\SheetEditDialog.xaml.cpp" />
    <ClCompile Include="..\..\..\Source\GUI\UWP\SheetEditFieldControl.xaml.cpp" />
  </ItemGroup>
  <ItemGroup>
    <ClInclude Include="..\..\..\Source\GUI\UWP\AboutPage.xaml.h" />
    <ClInclude Include="..\..\..\Source\GUI\UWP\AppCore.h" />
    <ClInclude Include="..\..\..\Source\GUI\UWP\pch.h" />
    <ClInclude Include="..\..\..\Source\GUI\UWP\App.xaml.h" />
    <ClInclude Include="..\..\..\Source\GUI\UWP\MainPage.xaml.h" />
    <ClInclude Include="..\..\..\Source\GUI\UWP\Report.h" />
    <ClInclude Include="..\..\..\Source\GUI\UWP\ReportDataSource.h" />
    <ClInclude Include="..\..\..\Source\GUI\UWP\ReportPage.xaml.h" />
    <ClInclude Include="..\..\..\Source\GUI\UWP\ReportViewModel.h" />
    <ClInclude Include="..\..\..\Source\GUI\UWP\EasyView.xaml.h" />
    <ClInclude Include="..\..\..\Source\GUI\UWP\HtmlView.xaml.h" />
    <ClInclude Include="..\..\..\Source\GUI\UWP\SheetView.xaml.h" />
    <ClInclude Include="..\..\..\Source\GUI\UWP\SheetViewHelpers.h" />
    <ClInclude Include="..\..\..\Source\GUI\UWP\SheetEditDialog.xaml.h" />
    <ClInclude Include="..\..\..\Source\GUI\UWP\SheetEditFieldControl.xaml.h" />
  </ItemGroup>
  <ItemGroup>
    <Image Include="..\..\..\Source\Resource\Image\Assets\LockScreenLogo.scale-200.png">
      <Filter>Assets</Filter>
    </Image>
    <Image Include="..\..\..\Source\Resource\Image\Assets\SplashScreen.scale-200.png">
      <Filter>Assets</Filter>
    </Image>
    <Image Include="..\..\..\Source\Resource\Image\Assets\Square150x150Logo.scale-200.png">
      <Filter>Assets</Filter>
    </Image>
    <Image Include="..\..\..\Source\Resource\Image\Assets\Square44x44Logo.scale-200.png">
      <Filter>Assets</Filter>
    </Image>
    <Image Include="..\..\..\Source\Resource\Image\Assets\Square44x44Logo.targetsize-24_altform-unplated.png">
      <Filter>Assets</Filter>
    </Image>
    <Image Include="..\..\..\Source\Resource\Image\Assets\StoreLogo.png">
      <Filter>Assets</Filter>
    </Image>
    <Image Include="..\..\..\Source\Resource\Image\Assets\Wide310x150Logo.scale-200.png">
      <Filter>Assets</Filter>
    </Image>
    <Image Include="..\..\..\Source\Resource\Image\Assets\SmallTile.scale-100.png">
      <Filter>Assets</Filter>
    </Image>
    <Image Include="..\..\..\Source\Resource\Image\Assets\SmallTile.scale-125.png">
      <Filter>Assets</Filter>
    </Image>
    <Image Include="..\..\..\Source\Resource\Image\Assets\SmallTile.scale-150.png">
      <Filter>Assets</Filter>
    </Image>
    <Image Include="..\..\..\Source\Resource\Image\Assets\SmallTile.scale-200.png">
      <Filter>Assets</Filter>
    </Image>
    <Image Include="..\..\..\Source\Resource\Image\Assets\SmallTile.scale-400.png">
      <Filter>Assets</Filter>
    </Image>
    <Image Include="..\..\..\Source\Resource\Image\Assets\Square150x150Logo.scale-100.png">
      <Filter>Assets</Filter>
    </Image>
    <Image Include="..\..\..\Source\Resource\Image\Assets\Square150x150Logo.scale-125.png">
      <Filter>Assets</Filter>
    </Image>
    <Image Include="..\..\..\Source\Resource\Image\Assets\Square150x150Logo.scale-150.png">
      <Filter>Assets</Filter>
    </Image>
    <Image Include="..\..\..\Source\Resource\Image\Assets\Square150x150Logo.scale-400.png">
      <Filter>Assets</Filter>
    </Image>
    <Image Include="..\..\..\Source\Resource\Image\Assets\Wide310x150Logo.scale-100.png">
      <Filter>Assets</Filter>
    </Image>
    <Image Include="..\..\..\Source\Resource\Image\Assets\Wide310x150Logo.scale-125.png">
      <Filter>Assets</Filter>
    </Image>
    <Image Include="..\..\..\Source\Resource\Image\Assets\Wide310x150Logo.scale-150.png">
      <Filter>Assets</Filter>
    </Image>
    <Image Include="..\..\..\Source\Resource\Image\Assets\Wide310x150Logo.scale-400.png">
      <Filter>Assets</Filter>
    </Image>
    <Image Include="..\..\..\Source\Resource\Image\Assets\LargeTile.scale-100.png">
      <Filter>Assets</Filter>
    </Image>
    <Image Include="..\..\..\Source\Resource\Image\Assets\LargeTile.scale-125.png">
      <Filter>Assets</Filter>
    </Image>
    <Image Include="..\..\..\Source\Resource\Image\Assets\LargeTile.scale-150.png">
      <Filter>Assets</Filter>
    </Image>
    <Image Include="..\..\..\Source\Resource\Image\Assets\LargeTile.scale-200.png">
      <Filter>Assets</Filter>
    </Image>
    <Image Include="..\..\..\Source\Resource\Image\Assets\LargeTile.scale-400.png">
      <Filter>Assets</Filter>
    </Image>
    <Image Include="..\..\..\Source\Resource\Image\Assets\Square44x44Logo.scale-100.png">
      <Filter>Assets</Filter>
    </Image>
    <Image Include="..\..\..\Source\Resource\Image\Assets\Square44x44Logo.scale-125.png">
      <Filter>Assets</Filter>
    </Image>
    <Image Include="..\..\..\Source\Resource\Image\Assets\Square44x44Logo.scale-150.png">
      <Filter>Assets</Filter>
    </Image>
    <Image Include="..\..\..\Source\Resource\Image\Assets\Square44x44Logo.scale-400.png">
      <Filter>Assets</Filter>
    </Image>
    <Image Include="..\..\..\Source\Resource\Image\Assets\Square44x44Logo.targetsize-16.png">
      <Filter>Assets</Filter>
    </Image>
    <Image Include="..\..\..\Source\Resource\Image\Assets\Square44x44Logo.targetsize-24.png">
      <Filter>Assets</Filter>
    </Image>
    <Image Include="..\..\..\Source\Resource\Image\Assets\Square44x44Logo.targetsize-32.png">
      <Filter>Assets</Filter>
    </Image>
    <Image Include="..\..\..\Source\Resource\Image\Assets\Square44x44Logo.targetsize-48.png">
      <Filter>Assets</Filter>
    </Image>
    <Image Include="..\..\..\Source\Resource\Image\Assets\Square44x44Logo.targetsize-256.png">
      <Filter>Assets</Filter>
    </Image>
    <Image Include="..\..\..\Source\Resource\Image\Assets\Square44x44Logo.altform-unplated_targetsize-16.png">
      <Filter>Assets</Filter>
    </Image>
    <Image Include="..\..\..\Source\Resource\Image\Assets\Square44x44Logo.altform-unplated_targetsize-32.png">
      <Filter>Assets</Filter>
    </Image>
    <Image Include="..\..\..\Source\Resource\Image\Assets\Square44x44Logo.altform-unplated_targetsize-48.png">
      <Filter>Assets</Filter>
    </Image>
    <Image Include="..\..\..\Source\Resource\Image\Assets\Square44x44Logo.altform-unplated_targetsize-256.png">
      <Filter>Assets</Filter>
    </Image>
    <Image Include="..\..\..\Source\Resource\Image\Assets\SplashScreen.scale-100.png">
      <Filter>Assets</Filter>
    </Image>
    <Image Include="..\..\..\Source\Resource\Image\Assets\SplashScreen.scale-125.png">
      <Filter>Assets</Filter>
    </Image>
    <Image Include="..\..\..\Source\Resource\Image\Assets\SplashScreen.scale-150.png">
      <Filter>Assets</Filter>
    </Image>
    <Image Include="..\..\..\Source\Resource\Image\Assets\SplashScreen.scale-400.png">
      <Filter>Assets</Filter>
    </Image>
  </ItemGroup>
  <ItemGroup>
    <AppxManifest Include="..\..\..\Source\GUI\UWP\Package.appxmanifest" />
  </ItemGroup>
  <ItemGroup>
    <None Include="MediaInfo_TemporaryKey.pfx" />
  </ItemGroup>
  <ItemGroup>
    <Page Include="..\..\..\Source\GUI\UWP\MainPage.xaml" />
    <Page Include="..\..\..\Source\GUI\UWP\ReportPage.xaml" />
    <Page Include="..\..\..\Source\GUI\UWP\AboutPage.xaml" />
    <Page Include="..\..\..\Source\GUI\UWP\HtmlView.xaml" />
    <Page Include="..\..\..\Source\GUI\UWP\EasyView.xaml" />
    <Page Include="..\..\..\Source\GUI\UWP\SheetView.xaml" />
      <Filter>Common</Filter>
    </Page>
    <Page Include="..\..\..\Source\GUI\UWP\SheetEditDialog.xaml" />
    <Page Include="..\..\..\Source\GUI\UWP\SheetEditFieldControl.xaml" />
    <Page Include="..\..\..\Source\GUI\UWP\DataGrid.xaml" />
  </ItemGroup>
</Project>