<?xml version="1.0" encoding="UTF-8" standalone="yes" ?>
<CodeBlocks_project_file>
	<FileVersion major="1" minor="6" />
	<Project>
		<Option title="GUI_WithoutLib" />
		<Option pch_mode="0" />
		<Option compiler="gcc" />
		<Build>
			<Target title="Debug">
				<Option output="..\..\..\Release\GCC_MinGW32\GUI\MediaInfo.exe" prefix_auto="0" extension_auto="0" />
				<Option type="0" />
				<Option compiler="gcc" />
				<Option projectResourceIncludeDirsRelation="0" />
				<Compiler>
					<Add option="-g" />
				</Compiler>
			</Target>
			<Target title="default">
				<Option output="..\..\..\Release\GCC_MinGW32\GUI\MediaInfo.exe" prefix_auto="0" extension_auto="0" />
				<Option type="0" />
				<Option compiler="gcc" />
				<Option projectResourceIncludeDirsRelation="0" />
				<Linker>
					<Add option="-s" />
				</Linker>
			</Target>
		</Build>
		<VirtualTargets>
			<Add alias="All" targets="Debug;default;" />
		</VirtualTargets>
		<Compiler>
			<Add option="-march=i586" />
			<Add option="-O3" />
			<Add option="-W" />
			<Add option="-Wall" />
			<Add option="-DUNICODE" />
			<Add option="-DZENLIB_DEBUG" />
			<Add option="-DMEDIAINFO_ALL_NO" />
			<Add option="-DMEDIAINFO_MK_YES" />
			<Add option="-DMEDIAINFO_MPEGV_YES" />
			<Add option="-DMEDIAINFO_MPEGTS_YES" />
			<Add directory="..\..\..\Source" />
			<Add directory="..\..\..\..\MediaInfoLib\Source" />
			<Add directory="..\..\..\..\Shared\Include" />
		</Compiler>
		<ResourceCompiler>
			<Add directory="..\..\..\..\Shared\Include" />
		</ResourceCompiler>
		<Linker>
			<Add library="WxWidgets" />
			<Add library="ZLib" />
			<Add library="wsock32" />
			<Add library="ctl3d32" />
			<Add library="advapi32" />
			<Add library="comctl32" />
			<Add library="comdlg32" />
			<Add library="kernel32" />
			<Add library="gdi32" />
			<Add library="odbc32" />
			<Add library="ole32" />
			<Add library="oleaut32" />
			<Add library="rpcrt4" />
			<Add library="shell32" />
			<Add library="user32" />
			<Add library="uuid" />
			<Add library="winmm" />
			<Add library="winspool" />
			<Add directory="..\..\..\..\MediaInfoLib\Release\GCC_MinGW32\Library" />
			<Add directory="..\..\..\..\Shared\Library\GCC_MinGW32" />
		</Linker>
		<Unit filename="..\..\..\..\MediaInfoLib\Source\MediaInfo\Archive\File_7z.cpp" />
		<Unit filename="..\..\..\..\MediaInfoLib\Source\MediaInfo\Archive\File_7z.h" />
		<Unit filename="..\..\..\..\MediaInfoLib\Source\MediaInfo\Archive\File_Ace.cpp" />
		<Unit filename="..\..\..\..\MediaInfoLib\Source\MediaInfo\Archive\File_Ace.h" />
		<Unit filename="..\..\..\..\MediaInfoLib\Source\MediaInfo\Archive\File_Bzip2.cpp" />
		<Unit filename="..\..\..\..\MediaInfoLib\Source\MediaInfo\Archive\File_Bzip2.h" />
		<Unit filename="..\..\..\..\MediaInfoLib\Source\MediaInfo\Archive\File_Gzip.cpp" />
		<Unit filename="..\..\..\..\MediaInfoLib\Source\MediaInfo\Archive\File_Gzip.h" />
		<Unit filename="..\..\..\..\MediaInfoLib\Source\MediaInfo\Archive\File_Rar.cpp" />
		<Unit filename="..\..\..\..\MediaInfoLib\Source\MediaInfo\Archive\File_Rar.h" />
		<Unit filename="..\..\..\..\MediaInfoLib\Source\MediaInfo\Archive\File_Tar.cpp" />
		<Unit filename="..\..\..\..\MediaInfoLib\Source\MediaInfo\Archive\File_Tar.h" />
		<Unit filename="..\..\..\..\MediaInfoLib\Source\MediaInfo\Archive\File_Zip.cpp" />
		<Unit filename="..\..\..\..\MediaInfoLib\Source\MediaInfo\Archive\File_Zip.h" />
		<Unit filename="..\..\..\..\MediaInfoLib\Source\MediaInfo\Audio\File_Ac3.cpp" />
		<Unit filename="..\..\..\..\MediaInfoLib\Source\MediaInfo\Audio\File_Ac3.h" />
		<Unit filename="..\..\..\..\MediaInfoLib\Source\MediaInfo\Audio\File_Amr.cpp" />
		<Unit filename="..\..\..\..\MediaInfoLib\Source\MediaInfo\Audio\File_Amr.h" />
		<Unit filename="..\..\..\..\MediaInfoLib\Source\MediaInfo\Audio\File_Amv.cpp" />
		<Unit filename="..\..\..\..\MediaInfoLib\Source\MediaInfo\Audio\File_Amv.h" />
		<Unit filename="..\..\..\..\MediaInfoLib\Source\MediaInfo\Audio\File_Ape.cpp" />
		<Unit filename="..\..\..\..\MediaInfoLib\Source\MediaInfo\Audio\File_Ape.h" />
		<Unit filename="..\..\..\..\MediaInfoLib\Source\MediaInfo\Audio\File_Au.cpp" />
		<Unit filename="..\..\..\..\MediaInfoLib\Source\MediaInfo\Audio\File_Au.h" />
		<Unit filename="..\..\..\..\MediaInfoLib\Source\MediaInfo\Audio\File_Dts.cpp" />
		<Unit filename="..\..\..\..\MediaInfoLib\Source\MediaInfo\Audio\File_Dts.h" />
		<Unit filename="..\..\..\..\MediaInfoLib\Source\MediaInfo\Audio\File_Flac.cpp" />
		<Unit filename="..\..\..\..\MediaInfoLib\Source\MediaInfo\Audio\File_Flac.h" />
		<Unit filename="..\..\..\..\MediaInfoLib\Source\MediaInfo\Audio\File_Midi.cpp" />
		<Unit filename="..\..\..\..\MediaInfoLib\Source\MediaInfo\Audio\File_Midi.h" />
		<Unit filename="..\..\..\..\MediaInfoLib\Source\MediaInfo\Audio\File_Mpc.cpp" />
		<Unit filename="..\..\..\..\MediaInfoLib\Source\MediaInfo\Audio\File_Mpc.h" />
		<Unit filename="..\..\..\..\MediaInfoLib\Source\MediaInfo\Audio\File_Mpega.cpp" />
		<Unit filename="..\..\..\..\MediaInfoLib\Source\MediaInfo\Audio\File_Mpega.h" />
		<Unit filename="..\..\..\..\MediaInfoLib\Source\MediaInfo\Audio\File_Pcm.cpp" />
		<Unit filename="..\..\..\..\MediaInfoLib\Source\MediaInfo\Audio\File_Pcm.h" />
		<Unit filename="..\..\..\..\MediaInfoLib\Source\MediaInfo\Audio\File_Tta.cpp" />
		<Unit filename="..\..\..\..\MediaInfoLib\Source\MediaInfo\Audio\File_Tta.h" />
		<Unit filename="..\..\..\..\MediaInfoLib\Source\MediaInfo\Audio\File_TwinVQ.cpp" />
		<Unit filename="..\..\..\..\MediaInfoLib\Source\MediaInfo\Audio\File_TwinVQ.h" />
		<Unit filename="..\..\..\..\MediaInfoLib\Source\MediaInfo\Audio\File_Vorbis.cpp" />
		<Unit filename="..\..\..\..\MediaInfoLib\Source\MediaInfo\Audio\File_Vorbis.h" />
		<Unit filename="..\..\..\..\MediaInfoLib\Source\MediaInfo\Audio\File_Wvpk.cpp" />
		<Unit filename="..\..\..\..\MediaInfoLib\Source\MediaInfo\Audio\File_Wvpk.h" />
		<Unit filename="..\..\..\..\MediaInfoLib\Source\MediaInfo\File_Dummy.cpp" />
		<Unit filename="..\..\..\..\MediaInfoLib\Source\MediaInfo\File_Dummy.h" />
		<Unit filename="..\..\..\..\MediaInfoLib\Source\MediaInfo\File_Other.cpp" />
		<Unit filename="..\..\..\..\MediaInfoLib\Source\MediaInfo\File_Other.h" />
		<Unit filename="..\..\..\..\MediaInfoLib\Source\MediaInfo\File_Unknown.cpp" />
		<Unit filename="..\..\..\..\MediaInfoLib\Source\MediaInfo\File_Unknown.h" />
		<Unit filename="..\..\..\..\MediaInfoLib\Source\MediaInfo\File__Analyze.cpp" />
		<Unit filename="..\..\..\..\MediaInfoLib\Source\MediaInfo\File__Analyze.h" />
		<Unit filename="..\..\..\..\MediaInfoLib\Source\MediaInfo\File__Base.cpp" />
		<Unit filename="..\..\..\..\MediaInfoLib\Source\MediaInfo\File__Base.h" />
		<Unit filename="..\..\..\..\MediaInfoLib\Source\MediaInfo\File__Base_Automatic.cpp" />
		<Unit filename="..\..\..\..\MediaInfoLib\Source\MediaInfo\File__Base_Finalize.cpp" />
		<Unit filename="..\..\..\..\MediaInfoLib\Source\MediaInfo\File__Base_Inform.cpp" />
		<Unit filename="..\..\..\..\MediaInfoLib\Source\MediaInfo\File__Duplicate.cpp" />
		<Unit filename="..\..\..\..\MediaInfoLib\Source\MediaInfo\File__Duplicate.h" />
		<Unit filename="..\..\..\..\MediaInfoLib\Source\MediaInfo\File__MultipleParsing.cpp" />
		<Unit filename="..\..\..\..\MediaInfoLib\Source\MediaInfo\File__MultipleParsing.h" />
		<Unit filename="..\..\..\..\MediaInfoLib\Source\MediaInfo\Image\File_Bmp.cpp" />
		<Unit filename="..\..\..\..\MediaInfoLib\Source\MediaInfo\Image\File_Bmp.h" />
		<Unit filename="..\..\..\..\MediaInfoLib\Source\MediaInfo\Image\File_Gif.cpp" />
		<Unit filename="..\..\..\..\MediaInfoLib\Source\MediaInfo\Image\File_Gif.h" />
		<Unit filename="..\..\..\..\MediaInfoLib\Source\MediaInfo\Image\File_Ico.cpp" />
		<Unit filename="..\..\..\..\MediaInfoLib\Source\MediaInfo\Image\File_Ico.h" />
		<Unit filename="..\..\..\..\MediaInfoLib\Source\MediaInfo\Image\File_Jpeg.cpp" />
		<Unit filename="..\..\..\..\MediaInfoLib\Source\MediaInfo\Image\File_Jpeg.h" />
		<Unit filename="..\..\..\..\MediaInfoLib\Source\MediaInfo\Image\File_Png.cpp" />
		<Unit filename="..\..\..\..\MediaInfoLib\Source\MediaInfo\Image\File_Png.h" />
		<Unit filename="..\..\..\..\MediaInfoLib\Source\MediaInfo\Image\File_Rle.cpp" />
		<Unit filename="..\..\..\..\MediaInfoLib\Source\MediaInfo\Image\File_Rle.h" />
		<Unit filename="..\..\..\..\MediaInfoLib\Source\MediaInfo\Image\File_Tiff.cpp" />
		<Unit filename="..\..\..\..\MediaInfoLib\Source\MediaInfo\Image\File_Tiff.h" />
		<Unit filename="..\..\..\..\MediaInfoLib\Source\MediaInfo\MediaInfo.cpp" />
		<Unit filename="..\..\..\..\MediaInfoLib\Source\MediaInfo\MediaInfo.h" />
		<Unit filename="..\..\..\..\MediaInfoLib\Source\MediaInfo\MediaInfoList.cpp" />
		<Unit filename="..\..\..\..\MediaInfoLib\Source\MediaInfo\MediaInfoList.h" />
		<Unit filename="..\..\..\..\MediaInfoLib\Source\MediaInfo\MediaInfo_Config.cpp" />
		<Unit filename="..\..\..\..\MediaInfoLib\Source\MediaInfo\MediaInfo_Config.h" />
		<Unit filename="..\..\..\..\MediaInfoLib\Source\MediaInfo\MediaInfo_File.cpp" />
		<Unit filename="..\..\..\..\MediaInfoLib\Source\MediaInfo\Multiple\File_Bdav.cpp" />
		<Unit filename="..\..\..\..\MediaInfoLib\Source\MediaInfo\Multiple\File_Bdav.h" />
		<Unit filename="..\..\..\..\MediaInfoLib\Source\MediaInfo\Multiple\File_Cdxa.cpp" />
		<Unit filename="..\..\..\..\MediaInfoLib\Source\MediaInfo\Multiple\File_Cdxa.h" />
		<Unit filename="..\..\..\..\MediaInfoLib\Source\MediaInfo\Multiple\File_Dvdv.cpp" />
		<Unit filename="..\..\..\..\MediaInfoLib\Source\MediaInfo\Multiple\File_Dvdv.h" />
		<Unit filename="..\..\..\..\MediaInfoLib\Source\MediaInfo\Multiple\File_Flv.cpp" />
		<Unit filename="..\..\..\..\MediaInfoLib\Source\MediaInfo\Multiple\File_Flv.h" />
		<Unit filename="..\..\..\..\MediaInfoLib\Source\MediaInfo\Multiple\File_Mk.cpp" />
		<Unit filename="..\..\..\..\MediaInfoLib\Source\MediaInfo\Multiple\File_Mk.h" />
		<Unit filename="..\..\..\..\MediaInfoLib\Source\MediaInfo\Multiple\File_Mpeg4.cpp" />
		<Unit filename="..\..\..\..\MediaInfoLib\Source\MediaInfo\Multiple\File_Mpeg4.h" />
		<Unit filename="..\..\..\..\MediaInfoLib\Source\MediaInfo\Multiple\File_Mpeg4_Descriptors.cpp" />
		<Unit filename="..\..\..\..\MediaInfoLib\Source\MediaInfo\Multiple\File_Mpeg4_Elements.cpp" />
		<Unit filename="..\..\..\..\MediaInfoLib\Source\MediaInfo\Multiple\File_MpegPs.cpp" />
		<Unit filename="..\..\..\..\MediaInfoLib\Source\MediaInfo\Multiple\File_MpegPs.h" />
		<Unit filename="..\..\..\..\MediaInfoLib\Source\MediaInfo\Multiple\File_MpegTs.cpp" />
		<Unit filename="..\..\..\..\MediaInfoLib\Source\MediaInfo\Multiple\File_MpegTs.h" />
		<Unit filename="..\..\..\..\MediaInfoLib\Source\MediaInfo\Multiple\File_Mpeg_Descriptors.cpp" />
		<Unit filename="..\..\..\..\MediaInfoLib\Source\MediaInfo\Multiple\File_Mpeg_Descriptors.h" />
		<Unit filename="..\..\..\..\MediaInfoLib\Source\MediaInfo\Multiple\File_Mpeg_Psi.cpp" />
		<Unit filename="..\..\..\..\MediaInfoLib\Source\MediaInfo\Multiple\File_Mpeg_Psi.h" />
		<Unit filename="..\..\..\..\MediaInfoLib\Source\MediaInfo\Multiple\File_Mxf.cpp" />
		<Unit filename="..\..\..\..\MediaInfoLib\Source\MediaInfo\Multiple\File_Mxf.h" />
		<Unit filename="..\..\..\..\MediaInfoLib\Source\MediaInfo\Multiple\File_Ogg.cpp" />
		<Unit filename="..\..\..\..\MediaInfoLib\Source\MediaInfo\Multiple\File_Ogg.h" />
		<Unit filename="..\..\..\..\MediaInfoLib\Source\MediaInfo\Multiple\File_Ogg_SubElement.cpp" />
		<Unit filename="..\..\..\..\MediaInfoLib\Source\MediaInfo\Multiple\File_Ogg_SubElement.h" />
		<Unit filename="..\..\..\..\MediaInfoLib\Source\MediaInfo\Multiple\File_Riff.cpp" />
		<Unit filename="..\..\..\..\MediaInfoLib\Source\MediaInfo\Multiple\File_Riff.h" />
		<Unit filename="..\..\..\..\MediaInfoLib\Source\MediaInfo\Multiple\File_Riff_Elements.cpp" />
		<Unit filename="..\..\..\..\MediaInfoLib\Source\MediaInfo\Multiple\File_Rm.cpp" />
		<Unit filename="..\..\..\..\MediaInfoLib\Source\MediaInfo\Multiple\File_Rm.h" />
		<Unit filename="..\..\..\..\MediaInfoLib\Source\MediaInfo\Multiple\File_Skm.cpp" />
		<Unit filename="..\..\..\..\MediaInfoLib\Source\MediaInfo\Multiple\File_Skm.h" />
		<Unit filename="..\..\..\..\MediaInfoLib\Source\MediaInfo\Multiple\File_Swf.cpp" />
		<Unit filename="..\..\..\..\MediaInfoLib\Source\MediaInfo\Multiple\File_Swf.h" />
		<Unit filename="..\..\..\..\MediaInfoLib\Source\MediaInfo\Multiple\File_Wm.cpp" />
		<Unit filename="..\..\..\..\MediaInfoLib\Source\MediaInfo\Multiple\File_Wm.h" />
		<Unit filename="..\..\..\..\MediaInfoLib\Source\MediaInfo\Multiple\File_Wm_Elements.cpp" />
		<Unit filename="..\..\..\..\MediaInfoLib\Source\MediaInfo\PreComp.h" />
		<Unit filename="..\..\..\..\MediaInfoLib\Source\MediaInfo\Setup.h" />
		<Unit filename="..\..\..\..\MediaInfoLib\Source\MediaInfo\Tag\File_ApeTag.cpp" />
		<Unit filename="..\..\..\..\MediaInfoLib\Source\MediaInfo\Tag\File_ApeTag.h" />
		<Unit filename="..\..\..\..\MediaInfoLib\Source\MediaInfo\Tag\File_Id3.cpp" />
		<Unit filename="..\..\..\..\MediaInfoLib\Source\MediaInfo\Tag\File_Id3.h" />
		<Unit filename="..\..\..\..\MediaInfoLib\Source\MediaInfo\Tag\File_Id3v2.cpp" />
		<Unit filename="..\..\..\..\MediaInfoLib\Source\MediaInfo\Tag\File_Id3v2.h" />
		<Unit filename="..\..\..\..\MediaInfoLib\Source\MediaInfo\Tag\File_Lyrics3.cpp" />
		<Unit filename="..\..\..\..\MediaInfoLib\Source\MediaInfo\Tag\File_Lyrics3.h" />
		<Unit filename="..\..\..\..\MediaInfoLib\Source\MediaInfo\Tag\File_Lyrics3v2.cpp" />
		<Unit filename="..\..\..\..\MediaInfoLib\Source\MediaInfo\Tag\File_Lyrics3v2.h" />
		<Unit filename="..\..\..\..\MediaInfoLib\Source\MediaInfo\Tag\File_VorbisCom.cpp" />
		<Unit filename="..\..\..\..\MediaInfoLib\Source\MediaInfo\Tag\File_VorbisCom.h" />
		<Unit filename="..\..\..\..\MediaInfoLib\Source\MediaInfo\Tag\File__Tags.cpp" />
		<Unit filename="..\..\..\..\MediaInfoLib\Source\MediaInfo\Tag\File__Tags.h" />
		<Unit filename="..\..\..\..\MediaInfoLib\Source\MediaInfo\Text\File_OtherText.cpp" />
		<Unit filename="..\..\..\..\MediaInfoLib\Source\MediaInfo\Text\File_OtherText.h" />
		<Unit filename="..\..\..\..\MediaInfoLib\Source\MediaInfo\Video\File_Avc.cpp" />
		<Unit filename="..\..\..\..\MediaInfoLib\Source\MediaInfo\Video\File_Avc.h" />
		<Unit filename="..\..\..\..\MediaInfoLib\Source\MediaInfo\Video\File_Dirac.cpp" />
		<Unit filename="..\..\..\..\MediaInfoLib\Source\MediaInfo\Video\File_Dirac.h" />
		<Unit filename="..\..\..\..\MediaInfoLib\Source\MediaInfo\Video\File_Flic.cpp" />
		<Unit filename="..\..\..\..\MediaInfoLib\Source\MediaInfo\Video\File_Flic.h" />
		<Unit filename="..\..\..\..\MediaInfoLib\Source\MediaInfo\Video\File_Mpeg4v.cpp" />
		<Unit filename="..\..\..\..\MediaInfoLib\Source\MediaInfo\Video\File_Mpeg4v.h" />
		<Unit filename="..\..\..\..\MediaInfoLib\Source\MediaInfo\Video\File_Mpegv.cpp" />
		<Unit filename="..\..\..\..\MediaInfoLib\Source\MediaInfo\Video\File_Mpegv.h" />
		<Unit filename="..\..\..\..\MediaInfoLib\Source\MediaInfo\Video\File_Vc1.cpp" />
		<Unit filename="..\..\..\..\MediaInfoLib\Source\MediaInfo\Video\File_Vc1.h" />
		<Unit filename="..\..\..\Source\Common\Core.cpp" />
		<Unit filename="..\..\..\Source\Common\Core.h" />
		<Unit filename="..\..\..\Source\GUI\Common\GUI_Main_Common_Core.cpp" />
		<Unit filename="..\..\..\Source\GUI\Common\GUI_Main_Common_Core.h" />
		<Unit filename="..\..\..\Source\GUI\Common\GUI_Main_Easy_Box_Core.cpp" />
		<Unit filename="..\..\..\Source\GUI\Common\GUI_Main_Easy_Box_Core.h" />
		<Unit filename="..\..\..\Source\GUI\Common\GUI_Main_Easy_Core.cpp" />
		<Unit filename="..\..\..\Source\GUI\Common\GUI_Main_Easy_Core.h" />
		<Unit filename="..\..\..\Source\GUI\WxWidgets\App.cpp" />
		<Unit filename="..\..\..\Source\GUI\WxWidgets\App.h" />
		<Unit filename="..\..\..\Source\GUI\WxWidgets\GUI_Main.cpp" />
		<Unit filename="..\..\..\Source\GUI\WxWidgets\GUI_Main.h" />
		<Unit filename="..\..\..\Source\GUI\WxWidgets\GUI_Main.rc">
			<Option compilerVar="WINDRES" />
		</Unit>
		<Unit filename="..\..\..\Source\GUI\WxWidgets\GUI_Main_Easy.cpp" />
		<Unit filename="..\..\..\Source\GUI\WxWidgets\GUI_Main_Easy.h" />
		<Unit filename="..\..\..\Source\GUI\WxWidgets\GUI_Main_Easy_Box.cpp" />
		<Unit filename="..\..\..\Source\GUI\WxWidgets\GUI_Main_Easy_Box.h" />
		<Unit filename="..\..\..\Source\GUI\WxWidgets\GUI_Main_FileDrop.cpp" />
		<Unit filename="..\..\..\Source\GUI\WxWidgets\GUI_Main_FileDrop.h" />
		<Unit filename="..\..\..\Source\GUI\WxWidgets\GUI_Main_HTML.cpp" />
		<Unit filename="..\..\..\Source\GUI\WxWidgets\GUI_Main_HTML.h" />
		<Unit filename="..\..\..\Source\GUI\WxWidgets\GUI_Main_Menu.cpp" />
		<Unit filename="..\..\..\Source\GUI\WxWidgets\GUI_Main_Sheet.cpp" />
		<Unit filename="..\..\..\Source\GUI\WxWidgets\GUI_Main_Sheet.h" />
		<Unit filename="..\..\..\Source\GUI\WxWidgets\GUI_Main_Text.cpp" />
		<Unit filename="..\..\..\Source\GUI\WxWidgets\GUI_Main_Text.h" />
		<Unit filename="..\..\..\Source\GUI\WxWidgets\GUI_Main_Tree.cpp" />
		<Unit filename="..\..\..\Source\GUI\WxWidgets\GUI_Main_Tree.h" />
		<Unit filename="..\..\..\..\ZenLib\Source\ZenLib\BitStream.h" />
		<Unit filename="..\..\..\..\ZenLib\Source\ZenLib\BitStream_LE.h" />
		<Unit filename="..\..\..\..\ZenLib\Source\ZenLib\Conf.cpp" />
		<Unit filename="..\..\..\..\ZenLib\Source\ZenLib\Conf.h" />
		<Unit filename="..\..\..\..\ZenLib\Source\ZenLib\Conf_Internal.h" />
		<Unit filename="..\..\..\..\ZenLib\Source\ZenLib\ConvertUTF.c">
			<Option compilerVar="CC" />
		</Unit>
		<Unit filename="..\..\..\..\ZenLib\Source\ZenLib\ConvertUTF.h" />
		<Unit filename="..\..\..\..\ZenLib\Source\ZenLib\CriticalSection.cpp" />
		<Unit filename="..\..\..\..\ZenLib\Source\ZenLib\CriticalSection.h" />
		<Unit filename="..\..\..\..\ZenLib\Source\ZenLib\Dir.cpp" />
		<Unit filename="..\..\..\..\ZenLib\Source\ZenLib\Dir.h" />
		<Unit filename="..\..\..\..\ZenLib\Source\ZenLib\File.cpp" />
		<Unit filename="..\..\..\..\ZenLib\Source\ZenLib\File.h" />
		<Unit filename="..\..\..\..\ZenLib\Source\ZenLib\FileName.cpp" />
		<Unit filename="..\..\..\..\ZenLib\Source\ZenLib\FileName.h" />
		<Unit filename="..\..\..\..\ZenLib\Source\ZenLib\MemoryDebug.cpp" />
		<Unit filename="..\..\..\..\ZenLib\Source\ZenLib\MemoryDebug.h" />
		<Unit filename="..\..\..\..\ZenLib\Source\ZenLib\OS_Utils.cpp" />
		<Unit filename="..\..\..\..\ZenLib\Source\ZenLib\OS_Utils.h" />
		<Unit filename="..\..\..\..\ZenLib\Source\ZenLib\Trace.h" />
		<Unit filename="..\..\..\..\ZenLib\Source\ZenLib\Translation.cpp" />
		<Unit filename="..\..\..\..\ZenLib\Source\ZenLib\Translation.h" />
		<Unit filename="..\..\..\..\ZenLib\Source\ZenLib\Utils.cpp" />
		<Unit filename="..\..\..\..\ZenLib\Source\ZenLib\Utils.h" />
		<Unit filename="..\..\..\..\ZenLib\Source\ZenLib\Ztring.cpp" />
		<Unit filename="..\..\..\..\ZenLib\Source\ZenLib\Ztring.h" />
		<Unit filename="..\..\..\..\ZenLib\Source\ZenLib\ZtringList.cpp" />
		<Unit filename="..\..\..\..\ZenLib\Source\ZenLib\ZtringList.h" />
		<Unit filename="..\..\..\..\ZenLib\Source\ZenLib\ZtringListList.cpp" />
		<Unit filename="..\..\..\..\ZenLib\Source\ZenLib\ZtringListList.h" />
		<Unit filename="..\..\..\..\ZenLib\Source\ZenLib\ZtringListListF.cpp" />
		<Unit filename="..\..\..\..\ZenLib\Source\ZenLib\ZtringListListF.h" />
		<Unit filename="..\..\..\..\ZenLib\Source\ZenLib\int128s.cpp" />
		<Unit filename="..\..\..\..\ZenLib\Source\ZenLib\int128s.h" />
		<Unit filename="..\..\..\..\ZenLib\Source\ZenLib\int128u.cpp" />
		<Unit filename="..\..\..\..\ZenLib\Source\ZenLib\int128u.h" />
		<Extensions>
			<code_completion />
		</Extensions>
	</Project>
</CodeBlocks_project_file>
